{
  "version": 4,
  "terraform_version": "1.3.3",
  "serial": 251,
  "lineage": "60afa1f5-8bf0-6c62-9cf9-e15dbf05e08d",
  "outputs": {
    "cluster_uri": {
      "value": "mysql://\u003cusername\u003e:\u003cpassword\u003e@mysql-ddc103a1-o5d5bb6d4.database.cloud.ovh.net:20184/defaultdb?ssl-mode=REQUIRED",
      "type": "string"
    },
    "front_ip": {
      "value": [
        "front_eductive09",
        "162.19.70.214",
        "192.168.9.254"
      ],
      "type": [
        "tuple",
        [
          "string",
          "string",
          "string"
        ]
      ]
    },
    "gra_backends_ips": {
      "value": [
        [
          "backend_eductive09_gra_1"
        ],
        [
          "57.128.84.117"
        ],
        [
          "192.168.9.179"
        ]
      ],
      "type": [
        "tuple",
        [
          [
            "tuple",
            [
              "string"
            ]
          ],
          [
            "tuple",
            [
              "string"
            ]
          ],
          [
            "tuple",
            [
              "string"
            ]
          ]
        ]
      ]
    },
    "sbg_backends_ips": {
      "value": [
        [
          "backend_eductive09_sbg_1"
        ],
        [
          "57.128.41.223"
        ],
        [
          "192.168.9.143"
        ]
      ],
      "type": [
        "tuple",
        [
          [
            "tuple",
            [
              "string"
            ]
          ],
          [
            "tuple",
            [
              "string"
            ]
          ],
          [
            "tuple",
            [
              "string"
            ]
          ]
        ]
      ]
    },
    "user_name": {
      "value": "eductive09",
      "type": "string"
    },
    "user_password": {
      "value": "AVNS_WHOAaiOaTrtCbmhVUdr",
      "type": "string",
      "sensitive": true
    }
  },
  "resources": [
    {
      "mode": "managed",
      "type": "local_file",
      "name": "inventory",
      "provider": "provider[\"registry.terraform.io/hashicorp/local\"]",
      "instances": [
        {
          "schema_version": 0,
          "attributes": {
            "content": "---\r\nfront:\r\n  hosts:\r\n    162.19.70.214:\r\n      ansible_user: debian\r\n      ansible_become: True\r\n\r\nbackends:\r\n  hosts:\r\n    57.128.41.223:\r\n      ansible_user: debian\r\n      ansible_become: True\r\n    57.128.84.117:\r\n      ansible_user: debian\r\n      ansible_become: True\r\n\r\nbackend_sbg:\r\n  hosts:\r\n    57.128.41.223:\r\n      ansible_user: debian\r\n      ansible_become: True\r\n\r\nbackend_gra:\r\n  hosts:\r\n    57.128.84.117:\r\n      ansible_user: debian\r\n      ansible_become: True\r\n",
            "content_base64": null,
            "directory_permission": "0777",
            "file_permission": "0777",
            "filename": "../ansible/inventory.yml",
            "id": "dc7d63d7dc9e289c5380d5aa3b870d55c867508f",
            "sensitive_content": null,
            "source": null
          },
          "sensitive_attributes": [],
          "private": "bnVsbA==",
          "dependencies": [
            "openstack_compute_instance_v2.front_instance",
            "openstack_compute_instance_v2.gra_backends",
            "openstack_compute_instance_v2.sbg_backends",
            "openstack_compute_keypair_v2.generate-keypair",
            "ovh_cloud_project_network_private.private_network",
            "ovh_cloud_project_network_private_subnet.private_subnet"
          ]
        }
      ]
    },
    {
      "mode": "managed",
      "type": "local_file",
      "name": "iptable",
      "provider": "provider[\"registry.terraform.io/hashicorp/local\"]",
      "instances": [
        {
          "schema_version": 0,
          "attributes": {
            "content": "---\n# -- IPTABLE CONFIG\n- name: Configure Iptable\n  hosts: backends\n  tasks:\n  - name: Open port 22\n    command: iptables -A INPUT -p tcp --dport 22 -j ACCEPT\n  - name: Allow HTTP trafic from front server\n    command: iptables -A INPUT -p tcp -s 162.19.70.214 --dport 9080 -j ACCEPT\n  - name: Block all trafic\n    command: iptables -A INPUT -i ens3 -j DROP\n",
            "content_base64": null,
            "directory_permission": "0777",
            "file_permission": "0777",
            "filename": "../ansible/iptable_config.yml",
            "id": "822469a468a9e45b2de23245b821114258e77345",
            "sensitive_content": null,
            "source": null
          },
          "sensitive_attributes": [],
          "private": "bnVsbA==",
          "dependencies": [
            "openstack_compute_instance_v2.front_instance",
            "openstack_compute_keypair_v2.generate-keypair",
            "ovh_cloud_project_network_private.private_network",
            "ovh_cloud_project_network_private_subnet.private_subnet"
          ]
        }
      ]
    },
    {
      "mode": "managed",
      "type": "local_file",
      "name": "nfs",
      "provider": "provider[\"registry.terraform.io/hashicorp/local\"]",
      "instances": [
        {
          "schema_version": 0,
          "attributes": {
            "content": "---\n# -- NFS INSTALL --\n- name: Install and deploy NFS on front\n  hosts: front\n  tasks:\n    - name: Install required system packages\n      apt:\n        pkg:\n          - nfs-kernel-server\n        state: latest\n        update_cache: true\n    - name: Create the folder\n      file:\n        path: /home/wordpress-data\n        mode: '0777'\n        state: directory\n    - name: Deploy NFS template\n      template:\n        src: /home/eductive09/Linux_Project/ansible/templates/exports.j2\n        dest: /etc/exports\n    - name: Reload nfs-kernel-server\n      ansible.builtin.service:\n        name: nfs-kernel-server\n        state: reloaded\n\n- name: Install and deploy NFS on backends\n  hosts: backends\n  tasks:\n    - name: Install required system packages\n      apt:\n        pkg:\n          - nfs-common\n        state: latest\n        update_cache: true\n    - name: Create the folder\n      file:\n        path: /home/wordpress-data\n        mode: '0777'\n        state: directory\n    - name: Mount NFS folder\n      ansible.posix.mount:\n        src: 192.168.9.254:/home/wordpress-data\n        path: /home/wordpress-data\n        fstype: nfs\n        state: mounted\n",
            "content_base64": null,
            "directory_permission": "0777",
            "file_permission": "0777",
            "filename": "../ansible/nfs_config.yml",
            "id": "9915c7d2c83ba476ff9947a05d6eaa0c35b5be90",
            "sensitive_content": null,
            "source": null
          },
          "sensitive_attributes": [],
          "private": "bnVsbA==",
          "dependencies": [
            "openstack_compute_instance_v2.front_instance",
            "openstack_compute_keypair_v2.generate-keypair",
            "ovh_cloud_project_network_private.private_network",
            "ovh_cloud_project_network_private_subnet.private_subnet"
          ]
        }
      ]
    },
    {
      "mode": "managed",
      "type": "openstack_compute_instance_v2",
      "name": "front_instance",
      "provider": "provider[\"registry.terraform.io/terraform-provider-openstack/openstack\"].ovh",
      "instances": [
        {
          "schema_version": 0,
          "attributes": {
            "access_ip_v4": "162.19.70.214",
            "access_ip_v6": "[2001:41d0:304:300::2b74]",
            "admin_pass": null,
            "all_metadata": {},
            "all_tags": [],
            "availability_zone": "nova",
            "availability_zone_hints": null,
            "block_device": [],
            "config_drive": null,
            "flavor_id": "fa05492b-f252-4287-bf26-8bfa62933c6a",
            "flavor_name": "s1-2",
            "floating_ip": null,
            "force_delete": false,
            "id": "2e030766-f61a-4190-900a-5b42283eec3a",
            "image_id": "a32aaf69-72d8-4b98-9e6a-67929fa1b9cb",
            "image_name": "Debian 11",
            "key_pair": "sshkey_eductive09",
            "metadata": null,
            "name": "front_eductive09",
            "network": [
              {
                "access_network": false,
                "fixed_ip_v4": "162.19.70.214",
                "fixed_ip_v6": "[2001:41d0:304:300::2b74]",
                "floating_ip": "",
                "mac": "fa:16:3e:53:ef:e0",
                "name": "Ext-Net",
                "port": "",
                "uuid": "bcf59eb2-9d83-41cc-b4f5-0435ed594833"
              },
              {
                "access_network": false,
                "fixed_ip_v4": "192.168.9.254",
                "fixed_ip_v6": "",
                "floating_ip": "",
                "mac": "fa:16:3e:3e:7f:9b",
                "name": "private_network_eductive09",
                "port": "",
                "uuid": "0ad69d15-9128-4af3-baf4-a3114819f74f"
              }
            ],
            "network_mode": null,
            "personality": [],
            "power_state": "active",
            "region": "GRA11",
            "scheduler_hints": [],
            "security_groups": [
              "default"
            ],
            "stop_before_destroy": false,
            "tags": null,
            "timeouts": null,
            "user_data": null,
            "vendor_options": [],
            "volume": []
          },
          "sensitive_attributes": [],
          "private": "eyJlMmJmYjczMC1lY2FhLTExZTYtOGY4OC0zNDM2M2JjN2M0YzAiOnsiY3JlYXRlIjoxODAwMDAwMDAwMDAwLCJkZWxldGUiOjE4MDAwMDAwMDAwMDAsInVwZGF0ZSI6MTgwMDAwMDAwMDAwMH19",
          "dependencies": [
            "openstack_compute_keypair_v2.generate-keypair",
            "ovh_cloud_project_network_private.private_network",
            "ovh_cloud_project_network_private_subnet.private_subnet"
          ]
        }
      ]
    },
    {
      "mode": "managed",
      "type": "openstack_compute_instance_v2",
      "name": "gra_backends",
      "provider": "provider[\"registry.terraform.io/terraform-provider-openstack/openstack\"].ovh",
      "instances": [
        {
          "index_key": 0,
          "schema_version": 0,
          "attributes": {
            "access_ip_v4": "57.128.84.117",
            "access_ip_v6": "[2001:41d0:304:300::2d99]",
            "admin_pass": null,
            "all_metadata": {},
            "all_tags": [],
            "availability_zone": "nova",
            "availability_zone_hints": null,
            "block_device": [],
            "config_drive": null,
            "flavor_id": "fa05492b-f252-4287-bf26-8bfa62933c6a",
            "flavor_name": "s1-2",
            "floating_ip": null,
            "force_delete": false,
            "id": "80fd70ba-6e85-4ea2-974a-41496b7e0572",
            "image_id": "a32aaf69-72d8-4b98-9e6a-67929fa1b9cb",
            "image_name": "Debian 11",
            "key_pair": "sshkey_eductive09",
            "metadata": null,
            "name": "backend_eductive09_gra_1",
            "network": [
              {
                "access_network": false,
                "fixed_ip_v4": "57.128.84.117",
                "fixed_ip_v6": "[2001:41d0:304:300::2d99]",
                "floating_ip": "",
                "mac": "fa:16:3e:50:48:41",
                "name": "Ext-Net",
                "port": "",
                "uuid": "bcf59eb2-9d83-41cc-b4f5-0435ed594833"
              },
              {
                "access_network": false,
                "fixed_ip_v4": "192.168.9.179",
                "fixed_ip_v6": "",
                "floating_ip": "",
                "mac": "fa:16:3e:51:74:e5",
                "name": "private_network_eductive09",
                "port": "",
                "uuid": "0ad69d15-9128-4af3-baf4-a3114819f74f"
              }
            ],
            "network_mode": null,
            "personality": [],
            "power_state": "active",
            "region": "GRA11",
            "scheduler_hints": [],
            "security_groups": [
              "default"
            ],
            "stop_before_destroy": false,
            "tags": null,
            "timeouts": null,
            "user_data": null,
            "vendor_options": [],
            "volume": []
          },
          "sensitive_attributes": [],
          "private": "eyJlMmJmYjczMC1lY2FhLTExZTYtOGY4OC0zNDM2M2JjN2M0YzAiOnsiY3JlYXRlIjoxODAwMDAwMDAwMDAwLCJkZWxldGUiOjE4MDAwMDAwMDAwMDAsInVwZGF0ZSI6MTgwMDAwMDAwMDAwMH19",
          "dependencies": [
            "openstack_compute_keypair_v2.generate-keypair",
            "ovh_cloud_project_network_private.private_network",
            "ovh_cloud_project_network_private_subnet.private_subnet"
          ]
        }
      ]
    },
    {
      "mode": "managed",
      "type": "openstack_compute_instance_v2",
      "name": "sbg_backends",
      "provider": "provider[\"registry.terraform.io/terraform-provider-openstack/openstack\"].ovh",
      "instances": [
        {
          "index_key": 0,
          "schema_version": 0,
          "attributes": {
            "access_ip_v4": "57.128.41.223",
            "access_ip_v6": "[2001:41d0:404:100::286e]",
            "admin_pass": null,
            "all_metadata": {},
            "all_tags": [],
            "availability_zone": "nova",
            "availability_zone_hints": null,
            "block_device": [],
            "config_drive": null,
            "flavor_id": "ce07016c-95df-4085-bb5a-565caffc2063",
            "flavor_name": "s1-2",
            "floating_ip": null,
            "force_delete": false,
            "id": "c29f3579-e8fe-4f08-9669-a639263574e5",
            "image_id": "b6b0399c-b631-48ea-9b62-629579cf91f0",
            "image_name": "Debian 11",
            "key_pair": "sshkey_eductive09",
            "metadata": null,
            "name": "backend_eductive09_sbg_1",
            "network": [
              {
                "access_network": false,
                "fixed_ip_v4": "57.128.41.223",
                "fixed_ip_v6": "[2001:41d0:404:100::286e]",
                "floating_ip": "",
                "mac": "fa:16:3e:bc:e9:81",
                "name": "Ext-Net",
                "port": "",
                "uuid": "581fad02-158d-4dc6-81f0-c1ec2794bbec"
              },
              {
                "access_network": false,
                "fixed_ip_v4": "192.168.9.143",
                "fixed_ip_v6": "",
                "floating_ip": "",
                "mac": "fa:16:3e:84:b4:ff",
                "name": "private_network_eductive09",
                "port": "",
                "uuid": "8ddc5c9d-d8e1-4688-a24e-7148d5717d77"
              }
            ],
            "network_mode": null,
            "personality": [],
            "power_state": "active",
            "region": "SBG5",
            "scheduler_hints": [],
            "security_groups": [
              "default"
            ],
            "stop_before_destroy": false,
            "tags": null,
            "timeouts": null,
            "user_data": null,
            "vendor_options": [],
            "volume": []
          },
          "sensitive_attributes": [],
          "private": "eyJlMmJmYjczMC1lY2FhLTExZTYtOGY4OC0zNDM2M2JjN2M0YzAiOnsiY3JlYXRlIjoxODAwMDAwMDAwMDAwLCJkZWxldGUiOjE4MDAwMDAwMDAwMDAsInVwZGF0ZSI6MTgwMDAwMDAwMDAwMH19",
          "dependencies": [
            "openstack_compute_keypair_v2.generate-keypair",
            "ovh_cloud_project_network_private.private_network",
            "ovh_cloud_project_network_private_subnet.private_subnet"
          ]
        }
      ]
    },
    {
      "mode": "managed",
      "type": "openstack_compute_keypair_v2",
      "name": "generate-keypair",
      "provider": "provider[\"registry.terraform.io/terraform-provider-openstack/openstack\"].ovh",
      "instances": [
        {
          "index_key": 0,
          "schema_version": 0,
          "attributes": {
            "fingerprint": "3d:48:7d:ac:13:a6:ef:d8:72:bd:bd:04:24:b5:5a:a9",
            "id": "sshkey_eductive09",
            "name": "sshkey_eductive09",
            "private_key": "",
            "public_key": "ssh-rsa AAAAB3NzaC1yc2EAAAADAQABAAACAQC85+qmi8wslSHO/UI97uY+QC0r73OueXk17MOyj02g11rQpd9XcORpo035+JlccPW/2g6q0Zmz4iUV8GAqv1veYh+3P0Knzi3M9hF6Gtsalq24d+9J33mHjgwXgP/6E98i1hm6SvLjqP+FNCggByzwQeri5oyV2JGie1cZBiR/Gz6QgG7p6Iit2fB+LV8v1/YzIQIsygzQYjsiRqsauqnIZ2NgbHneK4+fOuoWDet33YrzS2mgfNU7/vJfycBWc/fdFcEbCTlgZuT03rptPaeUYmWuIrvqAWNcZnMkvh4gcptDMRg3gf6EOLQ8gb/Td4jC5egeBxyiPSJ/1cMwyVdfeKY3e4enC33nEaKGl0YlZindH3v6InJmKmEvJhZh1Do5waIwxNeTxUuc1YZFhwlCEV/nQEyWOn7eOrzj5zAVbMZTjNRR0K1JDWj+/ZMU9qpcH/eC4vLSSg9BeGw8wIgIbHSg7fL9nLhKk+0OdoFVs9+DlED2VQ0rBJJkoejZrXVr4M5YqI3Wm5PvqLakf6nu3vaIkpZjm52XbWwT8OlQg6UzFlE8+6cw9jTRq3ySsyDhORBXbFavC/11Asbi5hQvkcpojEnn5JiFnJyM3/0it21O7KWJnPDEKPfVtnjaDa+sGGQKadNXqnhZF81nSeui22wP2xloN/xXTgXoXYLR6w== eductive09@master.thisistheway.ovh\n",
            "region": "GRA11",
            "value_specs": null
          },
          "sensitive_attributes": [],
          "private": "bnVsbA=="
        },
        {
          "index_key": 1,
          "schema_version": 0,
          "attributes": {
            "fingerprint": "3d:48:7d:ac:13:a6:ef:d8:72:bd:bd:04:24:b5:5a:a9",
            "id": "sshkey_eductive09",
            "name": "sshkey_eductive09",
            "private_key": "",
            "public_key": "ssh-rsa AAAAB3NzaC1yc2EAAAADAQABAAACAQC85+qmi8wslSHO/UI97uY+QC0r73OueXk17MOyj02g11rQpd9XcORpo035+JlccPW/2g6q0Zmz4iUV8GAqv1veYh+3P0Knzi3M9hF6Gtsalq24d+9J33mHjgwXgP/6E98i1hm6SvLjqP+FNCggByzwQeri5oyV2JGie1cZBiR/Gz6QgG7p6Iit2fB+LV8v1/YzIQIsygzQYjsiRqsauqnIZ2NgbHneK4+fOuoWDet33YrzS2mgfNU7/vJfycBWc/fdFcEbCTlgZuT03rptPaeUYmWuIrvqAWNcZnMkvh4gcptDMRg3gf6EOLQ8gb/Td4jC5egeBxyiPSJ/1cMwyVdfeKY3e4enC33nEaKGl0YlZindH3v6InJmKmEvJhZh1Do5waIwxNeTxUuc1YZFhwlCEV/nQEyWOn7eOrzj5zAVbMZTjNRR0K1JDWj+/ZMU9qpcH/eC4vLSSg9BeGw8wIgIbHSg7fL9nLhKk+0OdoFVs9+DlED2VQ0rBJJkoejZrXVr4M5YqI3Wm5PvqLakf6nu3vaIkpZjm52XbWwT8OlQg6UzFlE8+6cw9jTRq3ySsyDhORBXbFavC/11Asbi5hQvkcpojEnn5JiFnJyM3/0it21O7KWJnPDEKPfVtnjaDa+sGGQKadNXqnhZF81nSeui22wP2xloN/xXTgXoXYLR6w== eductive09@master.thisistheway.ovh\n",
            "region": "SBG5",
            "value_specs": null
          },
          "sensitive_attributes": [],
          "private": "bnVsbA=="
        }
      ]
    },
    {
      "mode": "managed",
      "type": "ovh_cloud_project_database",
      "name": "db_eductive09",
      "provider": "provider[\"registry.terraform.io/ovh/ovh\"]",
      "instances": [
        {
          "schema_version": 0,
          "attributes": {
            "backup_time": "16:32:00",
            "created_at": "2023-01-03T19:43:37.780089+01:00",
            "description": "",
            "disk_size": 80,
            "disk_type": "high-speed",
            "endpoints": [
              {
                "component": "mysql",
                "domain": "mysql-ddc103a1-o5d5bb6d4.database.cloud.ovh.net",
                "path": "",
                "port": 20184,
                "scheme": "mysql",
                "ssl": true,
                "ssl_mode": "REQUIRED",
                "uri": "mysql://\u003cusername\u003e:\u003cpassword\u003e@mysql-ddc103a1-o5d5bb6d4.database.cloud.ovh.net:20184/defaultdb?ssl-mode=REQUIRED"
              }
            ],
            "engine": "mysql",
            "flavor": "db1-4",
            "id": "ddc103a1-aba8-446f-8772-54c6f9fd98a8",
            "kafka_rest_api": false,
            "maintenance_time": "13:00:55",
            "network_type": "public",
            "nodes": [
              {
                "network_id": "",
                "region": "GRA",
                "subnet_id": ""
              }
            ],
            "opensearch_acls_enabled": false,
            "plan": "essential",
            "service_name": "9957f50cea694f13b26cc064d04b2e95",
            "status": "READY",
            "timeouts": null,
            "version": "8"
          },
          "sensitive_attributes": [],
          "private": "eyJlMmJmYjczMC1lY2FhLTExZTYtOGY4OC0zNDM2M2JjN2M0YzAiOnsiY3JlYXRlIjoxMjAwMDAwMDAwMDAwLCJkZWxldGUiOjEyMDAwMDAwMDAwMDAsInVwZGF0ZSI6MjQwMDAwMDAwMDAwMH19"
        }
      ]
    },
    {
      "mode": "managed",
      "type": "ovh_cloud_project_database_database",
      "name": "database",
      "provider": "provider[\"registry.terraform.io/ovh/ovh\"]",
      "instances": [
        {
          "schema_version": 0,
          "attributes": {
            "cluster_id": "ddc103a1-aba8-446f-8772-54c6f9fd98a8",
            "default": false,
            "engine": "mysql",
            "id": "1587fb32-2775-4d4d-822f-dc7151172738",
            "name": "linux_project_database",
            "service_name": "9957f50cea694f13b26cc064d04b2e95",
            "timeouts": null
          },
          "sensitive_attributes": [],
          "private": "eyJlMmJmYjczMC1lY2FhLTExZTYtOGY4OC0zNDM2M2JjN2M0YzAiOnsiY3JlYXRlIjoxMjAwMDAwMDAwMDAwLCJkZWxldGUiOjEyMDAwMDAwMDAwMDB9fQ==",
          "dependencies": [
            "ovh_cloud_project_database.db_eductive09"
          ]
        }
      ]
    },
    {
      "mode": "managed",
      "type": "ovh_cloud_project_database_ip_restriction",
      "name": "iprestriction_gra",
      "provider": "provider[\"registry.terraform.io/ovh/ovh\"]",
      "instances": [
        {
          "index_key": 0,
          "schema_version": 0,
          "attributes": {
            "cluster_id": "ddc103a1-aba8-446f-8772-54c6f9fd98a8",
            "description": "",
            "engine": "mysql",
            "id": "3123897837",
            "ip": "57.128.84.117/32",
            "service_name": "9957f50cea694f13b26cc064d04b2e95",
            "status": "READY",
            "timeouts": null
          },
          "sensitive_attributes": [],
          "private": "eyJlMmJmYjczMC1lY2FhLTExZTYtOGY4OC0zNDM2M2JjN2M0YzAiOnsiY3JlYXRlIjoxMjAwMDAwMDAwMDAwLCJkZWxldGUiOjEyMDAwMDAwMDAwMDAsInVwZGF0ZSI6MTIwMDAwMDAwMDAwMH19",
          "dependencies": [
            "openstack_compute_instance_v2.gra_backends",
            "openstack_compute_keypair_v2.generate-keypair",
            "ovh_cloud_project_database.db_eductive09",
            "ovh_cloud_project_network_private.private_network",
            "ovh_cloud_project_network_private_subnet.private_subnet"
          ]
        }
      ]
    },
    {
      "mode": "managed",
      "type": "ovh_cloud_project_database_ip_restriction",
      "name": "iprestriction_sbg",
      "provider": "provider[\"registry.terraform.io/ovh/ovh\"]",
      "instances": [
        {
          "index_key": 0,
          "schema_version": 0,
          "attributes": {
            "cluster_id": "ddc103a1-aba8-446f-8772-54c6f9fd98a8",
            "description": "",
            "engine": "mysql",
            "id": "2825227999",
            "ip": "57.128.41.223/32",
            "service_name": "9957f50cea694f13b26cc064d04b2e95",
            "status": "READY",
            "timeouts": null
          },
          "sensitive_attributes": [],
          "private": "eyJlMmJmYjczMC1lY2FhLTExZTYtOGY4OC0zNDM2M2JjN2M0YzAiOnsiY3JlYXRlIjoxMjAwMDAwMDAwMDAwLCJkZWxldGUiOjEyMDAwMDAwMDAwMDAsInVwZGF0ZSI6MTIwMDAwMDAwMDAwMH19",
          "dependencies": [
            "openstack_compute_instance_v2.sbg_backends",
            "openstack_compute_keypair_v2.generate-keypair",
            "ovh_cloud_project_database.db_eductive09",
            "ovh_cloud_project_network_private.private_network",
            "ovh_cloud_project_network_private_subnet.private_subnet"
          ]
        }
      ]
    },
    {
      "mode": "managed",
      "type": "ovh_cloud_project_database_user",
      "name": "eductive09",
      "provider": "provider[\"registry.terraform.io/ovh/ovh\"]",
      "instances": [
        {
          "schema_version": 0,
          "attributes": {
            "cluster_id": "ddc103a1-aba8-446f-8772-54c6f9fd98a8",
            "created_at": "2023-01-03T19:49:45.960713+01:00",
            "engine": "mysql",
            "id": "0534c27a-cb42-4c3f-8412-d0212de77fa8",
            "name": "eductive09",
            "password": "AVNS_WHOAaiOaTrtCbmhVUdr",
            "password_reset": null,
            "service_name": "9957f50cea694f13b26cc064d04b2e95",
            "status": "READY",
            "timeouts": null
          },
          "sensitive_attributes": [],
          "private": "eyJlMmJmYjczMC1lY2FhLTExZTYtOGY4OC0zNDM2M2JjN2M0YzAiOnsiY3JlYXRlIjoxMjAwMDAwMDAwMDAwLCJkZWxldGUiOjEyMDAwMDAwMDAwMDAsInVwZGF0ZSI6MTIwMDAwMDAwMDAwMH19",
          "dependencies": [
            "ovh_cloud_project_database.db_eductive09"
          ]
        }
      ]
    },
    {
      "mode": "managed",
      "type": "ovh_cloud_project_network_private",
      "name": "private_network",
      "provider": "provider[\"registry.terraform.io/ovh/ovh\"].ovh",
      "instances": [
        {
          "schema_version": 0,
          "attributes": {
            "id": "pn-1089024_9",
            "name": "private_network_eductive09",
            "regions": [
              "GRA11",
              "SBG5"
            ],
            "regions_attributes": [
              {
                "openstackid": "0ad69d15-9128-4af3-baf4-a3114819f74f",
                "region": "GRA11",
                "status": "ACTIVE"
              },
              {
                "openstackid": "8ddc5c9d-d8e1-4688-a24e-7148d5717d77",
                "region": "SBG5",
                "status": "ACTIVE"
              }
            ],
            "regions_status": [
              {
                "region": "SBG5",
                "status": "ACTIVE"
              }
            ],
            "service_name": "9957f50cea694f13b26cc064d04b2e95",
            "status": "ACTIVE",
            "type": "private",
            "vlan_id": 9
          },
          "sensitive_attributes": [],
          "private": "bnVsbA=="
        }
      ]
    },
    {
      "mode": "managed",
      "type": "ovh_cloud_project_network_private_subnet",
      "name": "private_subnet",
      "provider": "provider[\"registry.terraform.io/ovh/ovh\"].ovh",
      "instances": [
        {
          "index_key": 0,
          "schema_version": 0,
          "attributes": {
            "cidr": "192.168.9.0/24",
            "dhcp": true,
            "end": "192.168.9.200",
            "gateway_ip": "",
            "id": "857afb2d-9886-4af0-8c77-70b2fbbc85b1",
            "ip_pools": [
              {
                "dhcp": true,
                "end": "192.168.9.200",
                "network": "192.168.9.0/24",
                "region": "GRA11",
                "start": "192.168.9.100"
              }
            ],
            "network": "192.168.9.0/24",
            "network_id": "pn-1089024_9",
            "no_gateway": true,
            "region": "GRA11",
            "service_name": "9957f50cea694f13b26cc064d04b2e95",
            "start": "192.168.9.100"
          },
          "sensitive_attributes": [],
          "private": "bnVsbA==",
          "dependencies": [
            "ovh_cloud_project_network_private.private_network"
          ]
        },
        {
          "index_key": 1,
          "schema_version": 0,
          "attributes": {
            "cidr": "192.168.9.0/24",
            "dhcp": true,
            "end": "192.168.9.200",
            "gateway_ip": "",
            "id": "e8eb8d78-337e-4b6c-8349-a48545ab7c52",
            "ip_pools": [
              {
                "dhcp": true,
                "end": "192.168.9.200",
                "network": "192.168.9.0/24",
                "region": "SBG5",
                "start": "192.168.9.100"
              }
            ],
            "network": "192.168.9.0/24",
            "network_id": "pn-1089024_9",
            "no_gateway": true,
            "region": "SBG5",
            "service_name": "9957f50cea694f13b26cc064d04b2e95",
            "start": "192.168.9.100"
          },
          "sensitive_attributes": [],
          "private": "bnVsbA==",
          "dependencies": [
            "ovh_cloud_project_network_private.private_network"
          ]
        }
      ]
    }
  ],
  "check_results": []
}
