{
  "version": 4,
  "terraform_version": "1.3.3",
  "serial": 666,
  "lineage": "e3db6e0a-621d-f61f-3712-3f3a42665104",
  "outputs": {
    "cluster_uri": {
      "value": "mysql://\u003cusername\u003e:\u003cpassword\u003e@mysql-862fedce-o5d5bb6d4.database.cloud.ovh.net:20184/defaultdb?ssl-mode=REQUIRED",
      "type": "string"
    },
    "front_ip": {
      "value": [
        "front_eductive09",
        "57.128.87.149",
        "192.168.9.254"
      ],
      "type": [
        "tuple",
        [
          "string",
          "string",
          "string"
        ]
      ]
    },
    "gra_backends_ips": {
      "value": [
        [
          "backend_eductive09_gra_1",
          "backend_eductive09_gra_2",
          "backend_eductive09_gra_3"
        ],
        [
          "57.128.80.230",
          "57.128.87.218",
          "57.128.87.161"
        ],
        [
          "192.168.9.187",
          "192.168.9.105",
          "192.168.9.170"
        ]
      ],
      "type": [
        "tuple",
        [
          [
            "tuple",
            [
              "string",
              "string",
              "string"
            ]
          ],
          [
            "tuple",
            [
              "string",
              "string",
              "string"
            ]
          ],
          [
            "tuple",
            [
              "string",
              "string",
              "string"
            ]
          ]
        ]
      ]
    },
    "sbg_backends_ips": {
      "value": [
        [
          "backend_eductive09_sbg_1",
          "backend_eductive09_sbg_2",
          "backend_eductive09_sbg_3"
        ],
        [
          "57.128.69.202",
          "57.128.41.171",
          "57.128.41.221"
        ],
        [
          "192.168.9.106",
          "192.168.9.137",
          "192.168.9.139"
        ]
      ],
      "type": [
        "tuple",
        [
          [
            "tuple",
            [
              "string",
              "string",
              "string"
            ]
          ],
          [
            "tuple",
            [
              "string",
              "string",
              "string"
            ]
          ],
          [
            "tuple",
            [
              "string",
              "string",
              "string"
            ]
          ]
        ]
      ]
    },
    "user_name": {
      "value": "eductive09",
      "type": "string"
    },
    "user_password": {
      "value": "AVNS_xqLgud0Xjm_jaor9DVb",
      "type": "string",
      "sensitive": true
    }
  },
  "resources": [
    {
      "mode": "managed",
      "type": "local_file",
      "name": "inventory",
      "provider": "provider[\"registry.terraform.io/hashicorp/local\"]",
      "instances": [
        {
          "schema_version": 0,
          "attributes": {
            "content": "---\r\nfront:\r\n  hosts:\r\n    57.128.87.149:\r\n      ansible_user: debian\r\n      ansible_become: True\r\n\r\nbackends:\r\n  hosts:\r\n    57.128.69.202:\r\n      ansible_user: debian\r\n      ansible_become: True\r\n    57.128.41.171:\r\n      ansible_user: debian\r\n      ansible_become: True\r\n    57.128.41.221:\r\n      ansible_user: debian\r\n      ansible_become: True\r\n    57.128.80.230:\r\n      ansible_user: debian\r\n      ansible_become: True\r\n    57.128.87.218:\r\n      ansible_user: debian\r\n      ansible_become: True\r\n    57.128.87.161:\r\n      ansible_user: debian\r\n      ansible_become: True\r\n\r\nbackend_sbg:\r\n  hosts:\r\n    57.128.69.202:\r\n      ansible_user: debian\r\n      ansible_become: True\r\n    57.128.41.171:\r\n      ansible_user: debian\r\n      ansible_become: True\r\n    57.128.41.221:\r\n      ansible_user: debian\r\n      ansible_become: True\r\n\r\nbackend_gra:\r\n  hosts:\r\n    57.128.80.230:\r\n      ansible_user: debian\r\n      ansible_become: True\r\n    57.128.87.218:\r\n      ansible_user: debian\r\n      ansible_become: True\r\n    57.128.87.161:\r\n      ansible_user: debian\r\n      ansible_become: True\r\n",
            "content_base64": null,
            "directory_permission": "0777",
            "file_permission": "0777",
            "filename": "../ansible/inventory.yml",
            "id": "a0ff8f6d430a2762c501d8e0b624bd599248c6fb",
            "sensitive_content": null,
            "source": null
          },
          "sensitive_attributes": [],
          "private": "bnVsbA==",
          "dependencies": [
            "openstack_compute_instance_v2.front_instance",
            "openstack_compute_instance_v2.gra_backends",
            "openstack_compute_instance_v2.sbg_backends",
            "openstack_compute_keypair_v2.generate-keypair",
            "ovh_cloud_project_network_private.private_network",
            "ovh_cloud_project_network_private_subnet.private_subnet"
          ]
        }
      ]
    },
    {
      "mode": "managed",
      "type": "local_file",
      "name": "iptable",
      "provider": "provider[\"registry.terraform.io/hashicorp/local\"]",
      "instances": [
        {
          "schema_version": 0,
          "attributes": {
            "content": "---\n# -- IPTABLE CONFIG\n- name: Configure Iptable\n  hosts: backends\n  tasks:\n  - name: Open port 22\n    command: iptables -A INPUT -p tcp --dport 22 -j ACCEPT\n  - name: Allow HTTP trafic from front server\n    command: iptables -A INPUT -p tcp -s 57.128.87.149 --dport 9080 -j ACCEPT\n  - name: Block all trafic\n    command: iptables -A INPUT -i ens3 -j DROP\n",
            "content_base64": null,
            "directory_permission": "0777",
            "file_permission": "0777",
            "filename": "../ansible/iptable_config.yml",
            "id": "3310a1d5d504208a2dd80766909a9b0aa69ae92e",
            "sensitive_content": null,
            "source": null
          },
          "sensitive_attributes": [],
          "private": "bnVsbA==",
          "dependencies": [
            "openstack_compute_instance_v2.front_instance",
            "openstack_compute_keypair_v2.generate-keypair",
            "ovh_cloud_project_network_private.private_network",
            "ovh_cloud_project_network_private_subnet.private_subnet"
          ]
        }
      ]
    },
    {
      "mode": "managed",
      "type": "local_file",
      "name": "nfs",
      "provider": "provider[\"registry.terraform.io/hashicorp/local\"]",
      "instances": [
        {
          "schema_version": 0,
          "attributes": {
            "content": "---\n# -- NFS INSTALL --\n- name: Install and deploy NFS on front\n  hosts: front\n  tasks:\n    - name: Install required system packages\n      apt:\n        pkg:\n          - nfs-kernel-server\n        state: latest\n        update_cache: true\n    - name: Create the folder\n      file:\n        path: /home/wordpress-data\n        mode: '0777'\n        state: directory\n    - name: Deploy NFS template\n      template:\n        src: /home/eductive09/Linux_Project/ansible/templates/exports.j2\n        dest: /etc/exports\n    - name: Reload nfs-kernel-server\n      ansible.builtin.service:\n        name: nfs-kernel-server\n        state: reloaded\n\n- name: Install and deploy NFS on backends\n  hosts: backends\n  tasks:\n    - name: Install required system packages\n      apt:\n        pkg:\n          - nfs-common\n        state: latest\n        update_cache: true\n    - name: Create the folder\n      file:\n        path: /home/wordpress-data\n        mode: '0777'\n        state: directory\n    - name: Mount NFS folder\n      ansible.posix.mount:\n        src: 192.168.9.254:/home/wordpress-data\n        path: /home/wordpress-data\n        fstype: nfs\n        state: mounted\n",
            "content_base64": null,
            "directory_permission": "0777",
            "file_permission": "0777",
            "filename": "../ansible/nfs_config.yml",
            "id": "9915c7d2c83ba476ff9947a05d6eaa0c35b5be90",
            "sensitive_content": null,
            "source": null
          },
          "sensitive_attributes": [],
          "private": "bnVsbA==",
          "dependencies": [
            "openstack_compute_instance_v2.front_instance",
            "openstack_compute_keypair_v2.generate-keypair",
            "ovh_cloud_project_network_private.private_network",
            "ovh_cloud_project_network_private_subnet.private_subnet"
          ]
        }
      ]
    },
    {
      "mode": "managed",
      "type": "openstack_compute_instance_v2",
      "name": "front_instance",
      "provider": "provider[\"registry.terraform.io/terraform-provider-openstack/openstack\"].ovh",
      "instances": [
        {
          "schema_version": 0,
          "attributes": {
            "access_ip_v4": "57.128.87.149",
            "access_ip_v6": "[2001:41d0:304:300::3478]",
            "admin_pass": null,
            "all_metadata": {},
            "all_tags": [],
            "availability_zone": "nova",
            "availability_zone_hints": null,
            "block_device": [],
            "config_drive": null,
            "flavor_id": "fa05492b-f252-4287-bf26-8bfa62933c6a",
            "flavor_name": "s1-2",
            "floating_ip": null,
            "force_delete": false,
            "id": "fb09407b-4dd4-4f89-95d9-8f8a59dc4227",
            "image_id": "a32aaf69-72d8-4b98-9e6a-67929fa1b9cb",
            "image_name": "Debian 11",
            "key_pair": "sshkey_eductive09",
            "metadata": null,
            "name": "front_eductive09",
            "network": [
              {
                "access_network": false,
                "fixed_ip_v4": "57.128.87.149",
                "fixed_ip_v6": "[2001:41d0:304:300::3478]",
                "floating_ip": "",
                "mac": "fa:16:3e:07:de:a9",
                "name": "Ext-Net",
                "port": "",
                "uuid": "bcf59eb2-9d83-41cc-b4f5-0435ed594833"
              },
              {
                "access_network": false,
                "fixed_ip_v4": "192.168.9.254",
                "fixed_ip_v6": "",
                "floating_ip": "",
                "mac": "fa:16:3e:10:fe:0b",
                "name": "private_network_eductive09",
                "port": "",
                "uuid": "d1bd1ffb-c4eb-42e5-ad87-0bbd870484de"
              }
            ],
            "network_mode": null,
            "personality": [],
            "power_state": "active",
            "region": "GRA11",
            "scheduler_hints": [],
            "security_groups": [
              "default"
            ],
            "stop_before_destroy": false,
            "tags": [],
            "timeouts": null,
            "user_data": null,
            "vendor_options": [],
            "volume": []
          },
          "sensitive_attributes": [],
          "private": "eyJlMmJmYjczMC1lY2FhLTExZTYtOGY4OC0zNDM2M2JjN2M0YzAiOnsiY3JlYXRlIjoxODAwMDAwMDAwMDAwLCJkZWxldGUiOjE4MDAwMDAwMDAwMDAsInVwZGF0ZSI6MTgwMDAwMDAwMDAwMH19",
          "dependencies": [
            "openstack_compute_keypair_v2.generate-keypair",
            "ovh_cloud_project_network_private.private_network",
            "ovh_cloud_project_network_private_subnet.private_subnet"
          ]
        }
      ]
    },
    {
      "mode": "managed",
      "type": "openstack_compute_instance_v2",
      "name": "gra_backends",
      "provider": "provider[\"registry.terraform.io/terraform-provider-openstack/openstack\"].ovh",
      "instances": [
        {
          "index_key": 0,
          "schema_version": 0,
          "attributes": {
            "access_ip_v4": "57.128.80.230",
            "access_ip_v6": "[2001:41d0:304:300::21f8]",
            "admin_pass": null,
            "all_metadata": {},
            "all_tags": [],
            "availability_zone": "nova",
            "availability_zone_hints": null,
            "block_device": [],
            "config_drive": null,
            "flavor_id": "fa05492b-f252-4287-bf26-8bfa62933c6a",
            "flavor_name": "s1-2",
            "floating_ip": null,
            "force_delete": false,
            "id": "885153e0-3b41-4916-912d-b13efd44df2f",
            "image_id": "a32aaf69-72d8-4b98-9e6a-67929fa1b9cb",
            "image_name": "Debian 11",
            "key_pair": "sshkey_eductive09",
            "metadata": null,
            "name": "backend_eductive09_gra_1",
            "network": [
              {
                "access_network": false,
                "fixed_ip_v4": "57.128.80.230",
                "fixed_ip_v6": "[2001:41d0:304:300::21f8]",
                "floating_ip": "",
                "mac": "fa:16:3e:1f:08:dc",
                "name": "Ext-Net",
                "port": "",
                "uuid": "bcf59eb2-9d83-41cc-b4f5-0435ed594833"
              },
              {
                "access_network": false,
                "fixed_ip_v4": "192.168.9.187",
                "fixed_ip_v6": "",
                "floating_ip": "",
                "mac": "fa:16:3e:0e:1a:14",
                "name": "private_network_eductive09",
                "port": "",
                "uuid": "d1bd1ffb-c4eb-42e5-ad87-0bbd870484de"
              }
            ],
            "network_mode": null,
            "personality": [],
            "power_state": "active",
            "region": "GRA11",
            "scheduler_hints": [],
            "security_groups": [
              "default"
            ],
            "stop_before_destroy": false,
            "tags": [],
            "timeouts": null,
            "user_data": null,
            "vendor_options": [],
            "volume": []
          },
          "sensitive_attributes": [],
          "private": "eyJlMmJmYjczMC1lY2FhLTExZTYtOGY4OC0zNDM2M2JjN2M0YzAiOnsiY3JlYXRlIjoxODAwMDAwMDAwMDAwLCJkZWxldGUiOjE4MDAwMDAwMDAwMDAsInVwZGF0ZSI6MTgwMDAwMDAwMDAwMH19",
          "dependencies": [
            "openstack_compute_keypair_v2.generate-keypair",
            "ovh_cloud_project_network_private.private_network",
            "ovh_cloud_project_network_private_subnet.private_subnet"
          ]
        },
        {
          "index_key": 1,
          "schema_version": 0,
          "attributes": {
            "access_ip_v4": "57.128.87.218",
            "access_ip_v6": "[2001:41d0:304:300::30ea]",
            "admin_pass": null,
            "all_metadata": {},
            "all_tags": [],
            "availability_zone": "nova",
            "availability_zone_hints": null,
            "block_device": [],
            "config_drive": null,
            "flavor_id": "fa05492b-f252-4287-bf26-8bfa62933c6a",
            "flavor_name": "s1-2",
            "floating_ip": null,
            "force_delete": false,
            "id": "a21f7ab8-d61f-4ed0-9d8e-113fd14bcc5b",
            "image_id": "a32aaf69-72d8-4b98-9e6a-67929fa1b9cb",
            "image_name": "Debian 11",
            "key_pair": "sshkey_eductive09",
            "metadata": null,
            "name": "backend_eductive09_gra_2",
            "network": [
              {
                "access_network": false,
                "fixed_ip_v4": "57.128.87.218",
                "fixed_ip_v6": "[2001:41d0:304:300::30ea]",
                "floating_ip": "",
                "mac": "fa:16:3e:2b:b9:f4",
                "name": "Ext-Net",
                "port": "",
                "uuid": "bcf59eb2-9d83-41cc-b4f5-0435ed594833"
              },
              {
                "access_network": false,
                "fixed_ip_v4": "192.168.9.105",
                "fixed_ip_v6": "",
                "floating_ip": "",
                "mac": "fa:16:3e:c7:2f:d4",
                "name": "private_network_eductive09",
                "port": "",
                "uuid": "d1bd1ffb-c4eb-42e5-ad87-0bbd870484de"
              }
            ],
            "network_mode": null,
            "personality": [],
            "power_state": "active",
            "region": "GRA11",
            "scheduler_hints": [],
            "security_groups": [
              "default"
            ],
            "stop_before_destroy": false,
            "tags": [],
            "timeouts": null,
            "user_data": null,
            "vendor_options": [],
            "volume": []
          },
          "sensitive_attributes": [],
          "private": "eyJlMmJmYjczMC1lY2FhLTExZTYtOGY4OC0zNDM2M2JjN2M0YzAiOnsiY3JlYXRlIjoxODAwMDAwMDAwMDAwLCJkZWxldGUiOjE4MDAwMDAwMDAwMDAsInVwZGF0ZSI6MTgwMDAwMDAwMDAwMH19",
          "dependencies": [
            "openstack_compute_keypair_v2.generate-keypair",
            "ovh_cloud_project_network_private.private_network",
            "ovh_cloud_project_network_private_subnet.private_subnet"
          ]
        },
        {
          "index_key": 2,
          "schema_version": 0,
          "attributes": {
            "access_ip_v4": "57.128.87.161",
            "access_ip_v6": "[2001:41d0:304:300::2ee0]",
            "admin_pass": null,
            "all_metadata": {},
            "all_tags": [],
            "availability_zone": "nova",
            "availability_zone_hints": null,
            "block_device": [],
            "config_drive": null,
            "flavor_id": "fa05492b-f252-4287-bf26-8bfa62933c6a",
            "flavor_name": "s1-2",
            "floating_ip": null,
            "force_delete": false,
            "id": "1985d875-a6cd-4f27-b9dc-189ad9c3000e",
            "image_id": "a32aaf69-72d8-4b98-9e6a-67929fa1b9cb",
            "image_name": "Debian 11",
            "key_pair": "sshkey_eductive09",
            "metadata": null,
            "name": "backend_eductive09_gra_3",
            "network": [
              {
                "access_network": false,
                "fixed_ip_v4": "57.128.87.161",
                "fixed_ip_v6": "[2001:41d0:304:300::2ee0]",
                "floating_ip": "",
                "mac": "fa:16:3e:c4:7b:2d",
                "name": "Ext-Net",
                "port": "",
                "uuid": "bcf59eb2-9d83-41cc-b4f5-0435ed594833"
              },
              {
                "access_network": false,
                "fixed_ip_v4": "192.168.9.170",
                "fixed_ip_v6": "",
                "floating_ip": "",
                "mac": "fa:16:3e:1c:68:1c",
                "name": "private_network_eductive09",
                "port": "",
                "uuid": "d1bd1ffb-c4eb-42e5-ad87-0bbd870484de"
              }
            ],
            "network_mode": null,
            "personality": [],
            "power_state": "active",
            "region": "GRA11",
            "scheduler_hints": [],
            "security_groups": [
              "default"
            ],
            "stop_before_destroy": false,
            "tags": [],
            "timeouts": null,
            "user_data": null,
            "vendor_options": [],
            "volume": []
          },
          "sensitive_attributes": [],
          "private": "eyJlMmJmYjczMC1lY2FhLTExZTYtOGY4OC0zNDM2M2JjN2M0YzAiOnsiY3JlYXRlIjoxODAwMDAwMDAwMDAwLCJkZWxldGUiOjE4MDAwMDAwMDAwMDAsInVwZGF0ZSI6MTgwMDAwMDAwMDAwMH19",
          "dependencies": [
            "openstack_compute_keypair_v2.generate-keypair",
            "ovh_cloud_project_network_private.private_network",
            "ovh_cloud_project_network_private_subnet.private_subnet"
          ]
        }
      ]
    },
    {
      "mode": "managed",
      "type": "openstack_compute_instance_v2",
      "name": "sbg_backends",
      "provider": "provider[\"registry.terraform.io/terraform-provider-openstack/openstack\"].ovh",
      "instances": [
        {
          "index_key": 0,
          "schema_version": 0,
          "attributes": {
            "access_ip_v4": "57.128.69.202",
            "access_ip_v6": "[2001:41d0:404:100::3035]",
            "admin_pass": null,
            "all_metadata": {},
            "all_tags": [],
            "availability_zone": "nova",
            "availability_zone_hints": null,
            "block_device": [],
            "config_drive": null,
            "flavor_id": "ce07016c-95df-4085-bb5a-565caffc2063",
            "flavor_name": "s1-2",
            "floating_ip": null,
            "force_delete": false,
            "id": "13860531-a2e0-4278-b083-5c468041f6c3",
            "image_id": "b6b0399c-b631-48ea-9b62-629579cf91f0",
            "image_name": "Debian 11",
            "key_pair": "sshkey_eductive09",
            "metadata": null,
            "name": "backend_eductive09_sbg_1",
            "network": [
              {
                "access_network": false,
                "fixed_ip_v4": "57.128.69.202",
                "fixed_ip_v6": "[2001:41d0:404:100::3035]",
                "floating_ip": "",
                "mac": "fa:16:3e:09:ce:8f",
                "name": "Ext-Net",
                "port": "",
                "uuid": "581fad02-158d-4dc6-81f0-c1ec2794bbec"
              },
              {
                "access_network": false,
                "fixed_ip_v4": "192.168.9.106",
                "fixed_ip_v6": "",
                "floating_ip": "",
                "mac": "fa:16:3e:dc:c0:1e",
                "name": "private_network_eductive09",
                "port": "",
                "uuid": "76a36be0-7b1e-4358-bec6-11ce255aaf19"
              }
            ],
            "network_mode": null,
            "personality": [],
            "power_state": "active",
            "region": "SBG5",
            "scheduler_hints": [],
            "security_groups": [
              "default"
            ],
            "stop_before_destroy": false,
            "tags": [],
            "timeouts": null,
            "user_data": null,
            "vendor_options": [],
            "volume": []
          },
          "sensitive_attributes": [],
          "private": "eyJlMmJmYjczMC1lY2FhLTExZTYtOGY4OC0zNDM2M2JjN2M0YzAiOnsiY3JlYXRlIjoxODAwMDAwMDAwMDAwLCJkZWxldGUiOjE4MDAwMDAwMDAwMDAsInVwZGF0ZSI6MTgwMDAwMDAwMDAwMH19",
          "dependencies": [
            "openstack_compute_keypair_v2.generate-keypair",
            "ovh_cloud_project_network_private.private_network",
            "ovh_cloud_project_network_private_subnet.private_subnet"
          ]
        },
        {
          "index_key": 1,
          "schema_version": 0,
          "attributes": {
            "access_ip_v4": "57.128.41.171",
            "access_ip_v6": "[2001:41d0:404:100::304e]",
            "admin_pass": null,
            "all_metadata": {},
            "all_tags": [],
            "availability_zone": "nova",
            "availability_zone_hints": null,
            "block_device": [],
            "config_drive": null,
            "flavor_id": "ce07016c-95df-4085-bb5a-565caffc2063",
            "flavor_name": "s1-2",
            "floating_ip": null,
            "force_delete": false,
            "id": "bce2f72f-d504-4988-927a-a9ff7970940f",
            "image_id": "b6b0399c-b631-48ea-9b62-629579cf91f0",
            "image_name": "Debian 11",
            "key_pair": "sshkey_eductive09",
            "metadata": null,
            "name": "backend_eductive09_sbg_2",
            "network": [
              {
                "access_network": false,
                "fixed_ip_v4": "57.128.41.171",
                "fixed_ip_v6": "[2001:41d0:404:100::304e]",
                "floating_ip": "",
                "mac": "fa:16:3e:68:4e:7a",
                "name": "Ext-Net",
                "port": "",
                "uuid": "581fad02-158d-4dc6-81f0-c1ec2794bbec"
              },
              {
                "access_network": false,
                "fixed_ip_v4": "192.168.9.137",
                "fixed_ip_v6": "",
                "floating_ip": "",
                "mac": "fa:16:3e:93:32:8f",
                "name": "private_network_eductive09",
                "port": "",
                "uuid": "76a36be0-7b1e-4358-bec6-11ce255aaf19"
              }
            ],
            "network_mode": null,
            "personality": [],
            "power_state": "active",
            "region": "SBG5",
            "scheduler_hints": [],
            "security_groups": [
              "default"
            ],
            "stop_before_destroy": false,
            "tags": [],
            "timeouts": null,
            "user_data": null,
            "vendor_options": [],
            "volume": []
          },
          "sensitive_attributes": [],
          "private": "eyJlMmJmYjczMC1lY2FhLTExZTYtOGY4OC0zNDM2M2JjN2M0YzAiOnsiY3JlYXRlIjoxODAwMDAwMDAwMDAwLCJkZWxldGUiOjE4MDAwMDAwMDAwMDAsInVwZGF0ZSI6MTgwMDAwMDAwMDAwMH19",
          "dependencies": [
            "openstack_compute_keypair_v2.generate-keypair",
            "ovh_cloud_project_network_private.private_network",
            "ovh_cloud_project_network_private_subnet.private_subnet"
          ]
        },
        {
          "index_key": 2,
          "schema_version": 0,
          "attributes": {
            "access_ip_v4": "57.128.41.221",
            "access_ip_v6": "[2001:41d0:404:100::2fec]",
            "admin_pass": null,
            "all_metadata": {},
            "all_tags": [],
            "availability_zone": "nova",
            "availability_zone_hints": null,
            "block_device": [],
            "config_drive": null,
            "flavor_id": "ce07016c-95df-4085-bb5a-565caffc2063",
            "flavor_name": "s1-2",
            "floating_ip": null,
            "force_delete": false,
            "id": "c3f97f5c-3914-4c4c-9282-b8ed9cb459be",
            "image_id": "b6b0399c-b631-48ea-9b62-629579cf91f0",
            "image_name": "Debian 11",
            "key_pair": "sshkey_eductive09",
            "metadata": null,
            "name": "backend_eductive09_sbg_3",
            "network": [
              {
                "access_network": false,
                "fixed_ip_v4": "57.128.41.221",
                "fixed_ip_v6": "[2001:41d0:404:100::2fec]",
                "floating_ip": "",
                "mac": "fa:16:3e:dc:7d:48",
                "name": "Ext-Net",
                "port": "",
                "uuid": "581fad02-158d-4dc6-81f0-c1ec2794bbec"
              },
              {
                "access_network": false,
                "fixed_ip_v4": "192.168.9.139",
                "fixed_ip_v6": "",
                "floating_ip": "",
                "mac": "fa:16:3e:a2:0b:da",
                "name": "private_network_eductive09",
                "port": "",
                "uuid": "76a36be0-7b1e-4358-bec6-11ce255aaf19"
              }
            ],
            "network_mode": null,
            "personality": [],
            "power_state": "active",
            "region": "SBG5",
            "scheduler_hints": [],
            "security_groups": [
              "default"
            ],
            "stop_before_destroy": false,
            "tags": [],
            "timeouts": null,
            "user_data": null,
            "vendor_options": [],
            "volume": []
          },
          "sensitive_attributes": [],
          "private": "eyJlMmJmYjczMC1lY2FhLTExZTYtOGY4OC0zNDM2M2JjN2M0YzAiOnsiY3JlYXRlIjoxODAwMDAwMDAwMDAwLCJkZWxldGUiOjE4MDAwMDAwMDAwMDAsInVwZGF0ZSI6MTgwMDAwMDAwMDAwMH19",
          "dependencies": [
            "openstack_compute_keypair_v2.generate-keypair",
            "ovh_cloud_project_network_private.private_network",
            "ovh_cloud_project_network_private_subnet.private_subnet"
          ]
        }
      ]
    },
    {
      "mode": "managed",
      "type": "openstack_compute_keypair_v2",
      "name": "generate-keypair",
      "provider": "provider[\"registry.terraform.io/terraform-provider-openstack/openstack\"].ovh",
      "instances": [
        {
          "index_key": 0,
          "schema_version": 0,
          "attributes": {
            "fingerprint": "3d:48:7d:ac:13:a6:ef:d8:72:bd:bd:04:24:b5:5a:a9",
            "id": "sshkey_eductive09",
            "name": "sshkey_eductive09",
            "private_key": "",
            "public_key": "ssh-rsa AAAAB3NzaC1yc2EAAAADAQABAAACAQC85+qmi8wslSHO/UI97uY+QC0r73OueXk17MOyj02g11rQpd9XcORpo035+JlccPW/2g6q0Zmz4iUV8GAqv1veYh+3P0Knzi3M9hF6Gtsalq24d+9J33mHjgwXgP/6E98i1hm6SvLjqP+FNCggByzwQeri5oyV2JGie1cZBiR/Gz6QgG7p6Iit2fB+LV8v1/YzIQIsygzQYjsiRqsauqnIZ2NgbHneK4+fOuoWDet33YrzS2mgfNU7/vJfycBWc/fdFcEbCTlgZuT03rptPaeUYmWuIrvqAWNcZnMkvh4gcptDMRg3gf6EOLQ8gb/Td4jC5egeBxyiPSJ/1cMwyVdfeKY3e4enC33nEaKGl0YlZindH3v6InJmKmEvJhZh1Do5waIwxNeTxUuc1YZFhwlCEV/nQEyWOn7eOrzj5zAVbMZTjNRR0K1JDWj+/ZMU9qpcH/eC4vLSSg9BeGw8wIgIbHSg7fL9nLhKk+0OdoFVs9+DlED2VQ0rBJJkoejZrXVr4M5YqI3Wm5PvqLakf6nu3vaIkpZjm52XbWwT8OlQg6UzFlE8+6cw9jTRq3ySsyDhORBXbFavC/11Asbi5hQvkcpojEnn5JiFnJyM3/0it21O7KWJnPDEKPfVtnjaDa+sGGQKadNXqnhZF81nSeui22wP2xloN/xXTgXoXYLR6w== eductive09@master.thisistheway.ovh\n",
            "region": "GRA11",
            "value_specs": null
          },
          "sensitive_attributes": [],
          "private": "bnVsbA=="
        },
        {
          "index_key": 1,
          "schema_version": 0,
          "attributes": {
            "fingerprint": "3d:48:7d:ac:13:a6:ef:d8:72:bd:bd:04:24:b5:5a:a9",
            "id": "sshkey_eductive09",
            "name": "sshkey_eductive09",
            "private_key": "",
            "public_key": "ssh-rsa AAAAB3NzaC1yc2EAAAADAQABAAACAQC85+qmi8wslSHO/UI97uY+QC0r73OueXk17MOyj02g11rQpd9XcORpo035+JlccPW/2g6q0Zmz4iUV8GAqv1veYh+3P0Knzi3M9hF6Gtsalq24d+9J33mHjgwXgP/6E98i1hm6SvLjqP+FNCggByzwQeri5oyV2JGie1cZBiR/Gz6QgG7p6Iit2fB+LV8v1/YzIQIsygzQYjsiRqsauqnIZ2NgbHneK4+fOuoWDet33YrzS2mgfNU7/vJfycBWc/fdFcEbCTlgZuT03rptPaeUYmWuIrvqAWNcZnMkvh4gcptDMRg3gf6EOLQ8gb/Td4jC5egeBxyiPSJ/1cMwyVdfeKY3e4enC33nEaKGl0YlZindH3v6InJmKmEvJhZh1Do5waIwxNeTxUuc1YZFhwlCEV/nQEyWOn7eOrzj5zAVbMZTjNRR0K1JDWj+/ZMU9qpcH/eC4vLSSg9BeGw8wIgIbHSg7fL9nLhKk+0OdoFVs9+DlED2VQ0rBJJkoejZrXVr4M5YqI3Wm5PvqLakf6nu3vaIkpZjm52XbWwT8OlQg6UzFlE8+6cw9jTRq3ySsyDhORBXbFavC/11Asbi5hQvkcpojEnn5JiFnJyM3/0it21O7KWJnPDEKPfVtnjaDa+sGGQKadNXqnhZF81nSeui22wP2xloN/xXTgXoXYLR6w== eductive09@master.thisistheway.ovh\n",
            "region": "SBG5",
            "value_specs": null
          },
          "sensitive_attributes": [],
          "private": "bnVsbA=="
        }
      ]
    },
    {
      "mode": "managed",
      "type": "ovh_cloud_project_database",
      "name": "db_eductive09",
      "provider": "provider[\"registry.terraform.io/ovh/ovh\"]",
      "instances": [
        {
          "schema_version": 0,
          "attributes": {
            "backup_time": "23:04:00",
            "created_at": "2022-12-26T20:28:37.06685+01:00",
            "description": "",
            "disk_size": 80,
            "disk_type": "high-speed",
            "endpoints": [
              {
                "component": "mysql",
                "domain": "mysql-862fedce-o5d5bb6d4.database.cloud.ovh.net",
                "path": "",
                "port": 20184,
                "scheme": "mysql",
                "ssl": true,
                "ssl_mode": "REQUIRED",
                "uri": "mysql://\u003cusername\u003e:\u003cpassword\u003e@mysql-862fedce-o5d5bb6d4.database.cloud.ovh.net:20184/defaultdb?ssl-mode=REQUIRED"
              }
            ],
            "engine": "mysql",
            "flavor": "db1-4",
            "id": "862fedce-0a31-4a0f-95ea-0e4344982fb0",
            "kafka_rest_api": false,
            "maintenance_time": "21:02:58",
            "network_type": "public",
            "nodes": [
              {
                "network_id": "",
                "region": "GRA",
                "subnet_id": ""
              }
            ],
            "opensearch_acls_enabled": false,
            "plan": "essential",
            "service_name": "9957f50cea694f13b26cc064d04b2e95",
            "status": "READY",
            "timeouts": null,
            "version": "8"
          },
          "sensitive_attributes": [],
          "private": "eyJlMmJmYjczMC1lY2FhLTExZTYtOGY4OC0zNDM2M2JjN2M0YzAiOnsiY3JlYXRlIjoxMjAwMDAwMDAwMDAwLCJkZWxldGUiOjEyMDAwMDAwMDAwMDAsInVwZGF0ZSI6MjQwMDAwMDAwMDAwMH19"
        }
      ]
    },
    {
      "mode": "managed",
      "type": "ovh_cloud_project_database_database",
      "name": "database",
      "provider": "provider[\"registry.terraform.io/ovh/ovh\"]",
      "instances": [
        {
          "schema_version": 0,
          "attributes": {
            "cluster_id": "862fedce-0a31-4a0f-95ea-0e4344982fb0",
            "default": false,
            "engine": "mysql",
            "id": "aea2bcad-fcc3-4f6e-bfdb-e4d5017838b9",
            "name": "linux_project_database",
            "service_name": "9957f50cea694f13b26cc064d04b2e95",
            "timeouts": null
          },
          "sensitive_attributes": [],
          "private": "eyJlMmJmYjczMC1lY2FhLTExZTYtOGY4OC0zNDM2M2JjN2M0YzAiOnsiY3JlYXRlIjoxMjAwMDAwMDAwMDAwLCJkZWxldGUiOjEyMDAwMDAwMDAwMDB9fQ==",
          "dependencies": [
            "ovh_cloud_project_database.db_eductive09"
          ]
        }
      ]
    },
    {
      "mode": "managed",
      "type": "ovh_cloud_project_database_ip_restriction",
      "name": "iprestriction_gra",
      "provider": "provider[\"registry.terraform.io/ovh/ovh\"]",
      "instances": [
        {
          "index_key": 0,
          "schema_version": 0,
          "attributes": {
            "cluster_id": "862fedce-0a31-4a0f-95ea-0e4344982fb0",
            "description": "",
            "engine": "mysql",
            "id": "702468967",
            "ip": "57.128.80.230/32",
            "service_name": "9957f50cea694f13b26cc064d04b2e95",
            "status": "READY",
            "timeouts": null
          },
          "sensitive_attributes": [],
          "private": "eyJlMmJmYjczMC1lY2FhLTExZTYtOGY4OC0zNDM2M2JjN2M0YzAiOnsiY3JlYXRlIjoxMjAwMDAwMDAwMDAwLCJkZWxldGUiOjEyMDAwMDAwMDAwMDAsInVwZGF0ZSI6MTIwMDAwMDAwMDAwMH19",
          "dependencies": [
            "openstack_compute_instance_v2.gra_backends",
            "openstack_compute_keypair_v2.generate-keypair",
            "ovh_cloud_project_database.db_eductive09",
            "ovh_cloud_project_network_private.private_network",
            "ovh_cloud_project_network_private_subnet.private_subnet"
          ]
        },
        {
          "index_key": 1,
          "schema_version": 0,
          "attributes": {
            "cluster_id": "862fedce-0a31-4a0f-95ea-0e4344982fb0",
            "description": "",
            "engine": "mysql",
            "id": "805786724",
            "ip": "57.128.87.218/32",
            "service_name": "9957f50cea694f13b26cc064d04b2e95",
            "status": "READY",
            "timeouts": null
          },
          "sensitive_attributes": [],
          "private": "eyJlMmJmYjczMC1lY2FhLTExZTYtOGY4OC0zNDM2M2JjN2M0YzAiOnsiY3JlYXRlIjoxMjAwMDAwMDAwMDAwLCJkZWxldGUiOjEyMDAwMDAwMDAwMDAsInVwZGF0ZSI6MTIwMDAwMDAwMDAwMH19",
          "dependencies": [
            "openstack_compute_instance_v2.gra_backends",
            "openstack_compute_keypair_v2.generate-keypair",
            "ovh_cloud_project_database.db_eductive09",
            "ovh_cloud_project_network_private.private_network",
            "ovh_cloud_project_network_private_subnet.private_subnet"
          ]
        },
        {
          "index_key": 2,
          "schema_version": 0,
          "attributes": {
            "cluster_id": "862fedce-0a31-4a0f-95ea-0e4344982fb0",
            "description": "",
            "engine": "mysql",
            "id": "301603888",
            "ip": "57.128.87.161/32",
            "service_name": "9957f50cea694f13b26cc064d04b2e95",
            "status": "READY",
            "timeouts": null
          },
          "sensitive_attributes": [],
          "private": "eyJlMmJmYjczMC1lY2FhLTExZTYtOGY4OC0zNDM2M2JjN2M0YzAiOnsiY3JlYXRlIjoxMjAwMDAwMDAwMDAwLCJkZWxldGUiOjEyMDAwMDAwMDAwMDAsInVwZGF0ZSI6MTIwMDAwMDAwMDAwMH19",
          "dependencies": [
            "openstack_compute_instance_v2.gra_backends",
            "openstack_compute_keypair_v2.generate-keypair",
            "ovh_cloud_project_database.db_eductive09",
            "ovh_cloud_project_network_private.private_network",
            "ovh_cloud_project_network_private_subnet.private_subnet"
          ]
        }
      ]
    },
    {
      "mode": "managed",
      "type": "ovh_cloud_project_database_ip_restriction",
      "name": "iprestriction_sbg",
      "provider": "provider[\"registry.terraform.io/ovh/ovh\"]",
      "instances": [
        {
          "index_key": 0,
          "schema_version": 0,
          "attributes": {
            "cluster_id": "862fedce-0a31-4a0f-95ea-0e4344982fb0",
            "description": "",
            "engine": "mysql",
            "id": "1742763073",
            "ip": "57.128.69.202/32",
            "service_name": "9957f50cea694f13b26cc064d04b2e95",
            "status": "READY",
            "timeouts": null
          },
          "sensitive_attributes": [],
          "private": "eyJlMmJmYjczMC1lY2FhLTExZTYtOGY4OC0zNDM2M2JjN2M0YzAiOnsiY3JlYXRlIjoxMjAwMDAwMDAwMDAwLCJkZWxldGUiOjEyMDAwMDAwMDAwMDAsInVwZGF0ZSI6MTIwMDAwMDAwMDAwMH19",
          "dependencies": [
            "openstack_compute_instance_v2.sbg_backends",
            "openstack_compute_keypair_v2.generate-keypair",
            "ovh_cloud_project_database.db_eductive09",
            "ovh_cloud_project_network_private.private_network",
            "ovh_cloud_project_network_private_subnet.private_subnet"
          ]
        },
        {
          "index_key": 1,
          "schema_version": 0,
          "attributes": {
            "cluster_id": "862fedce-0a31-4a0f-95ea-0e4344982fb0",
            "description": "",
            "engine": "mysql",
            "id": "3011532433",
            "ip": "57.128.41.171/32",
            "service_name": "9957f50cea694f13b26cc064d04b2e95",
            "status": "READY",
            "timeouts": null
          },
          "sensitive_attributes": [],
          "private": "eyJlMmJmYjczMC1lY2FhLTExZTYtOGY4OC0zNDM2M2JjN2M0YzAiOnsiY3JlYXRlIjoxMjAwMDAwMDAwMDAwLCJkZWxldGUiOjEyMDAwMDAwMDAwMDAsInVwZGF0ZSI6MTIwMDAwMDAwMDAwMH19",
          "dependencies": [
            "openstack_compute_instance_v2.sbg_backends",
            "openstack_compute_keypair_v2.generate-keypair",
            "ovh_cloud_project_database.db_eductive09",
            "ovh_cloud_project_network_private.private_network",
            "ovh_cloud_project_network_private_subnet.private_subnet"
          ]
        },
        {
          "index_key": 2,
          "schema_version": 0,
          "attributes": {
            "cluster_id": "862fedce-0a31-4a0f-95ea-0e4344982fb0",
            "description": "",
            "engine": "mysql",
            "id": "3534085567",
            "ip": "57.128.41.221/32",
            "service_name": "9957f50cea694f13b26cc064d04b2e95",
            "status": "READY",
            "timeouts": null
          },
          "sensitive_attributes": [],
          "private": "eyJlMmJmYjczMC1lY2FhLTExZTYtOGY4OC0zNDM2M2JjN2M0YzAiOnsiY3JlYXRlIjoxMjAwMDAwMDAwMDAwLCJkZWxldGUiOjEyMDAwMDAwMDAwMDAsInVwZGF0ZSI6MTIwMDAwMDAwMDAwMH19",
          "dependencies": [
            "openstack_compute_instance_v2.sbg_backends",
            "openstack_compute_keypair_v2.generate-keypair",
            "ovh_cloud_project_database.db_eductive09",
            "ovh_cloud_project_network_private.private_network",
            "ovh_cloud_project_network_private_subnet.private_subnet"
          ]
        }
      ]
    },
    {
      "mode": "managed",
      "type": "ovh_cloud_project_database_user",
      "name": "eductive09",
      "provider": "provider[\"registry.terraform.io/ovh/ovh\"]",
      "instances": [
        {
          "schema_version": 0,
          "attributes": {
            "cluster_id": "862fedce-0a31-4a0f-95ea-0e4344982fb0",
            "created_at": "2022-12-26T20:33:33.445204+01:00",
            "engine": "mysql",
            "id": "302cf923-5178-4d05-bac8-b1061731fd94",
            "name": "eductive09",
            "password": "AVNS_xqLgud0Xjm_jaor9DVb",
            "password_reset": null,
            "service_name": "9957f50cea694f13b26cc064d04b2e95",
            "status": "READY",
            "timeouts": null
          },
          "sensitive_attributes": [],
          "private": "eyJlMmJmYjczMC1lY2FhLTExZTYtOGY4OC0zNDM2M2JjN2M0YzAiOnsiY3JlYXRlIjoxMjAwMDAwMDAwMDAwLCJkZWxldGUiOjEyMDAwMDAwMDAwMDAsInVwZGF0ZSI6MTIwMDAwMDAwMDAwMH19",
          "dependencies": [
            "ovh_cloud_project_database.db_eductive09"
          ]
        }
      ]
    },
    {
      "mode": "managed",
      "type": "ovh_cloud_project_network_private",
      "name": "private_network",
      "provider": "provider[\"registry.terraform.io/ovh/ovh\"].ovh",
      "instances": [
        {
          "schema_version": 0,
          "attributes": {
            "id": "pn-1089024_9",
            "name": "private_network_eductive09",
            "regions": [
              "GRA11",
              "SBG5"
            ],
            "regions_attributes": [
              {
                "openstackid": "76a36be0-7b1e-4358-bec6-11ce255aaf19",
                "region": "SBG5",
                "status": "ACTIVE"
              },
              {
                "openstackid": "d1bd1ffb-c4eb-42e5-ad87-0bbd870484de",
                "region": "GRA11",
                "status": "ACTIVE"
              }
            ],
            "regions_status": [
              {
                "region": "SBG5",
                "status": "ACTIVE"
              }
            ],
            "service_name": "9957f50cea694f13b26cc064d04b2e95",
            "status": "ACTIVE",
            "type": "private",
            "vlan_id": 9
          },
          "sensitive_attributes": [],
          "private": "bnVsbA=="
        }
      ]
    },
    {
      "mode": "managed",
      "type": "ovh_cloud_project_network_private_subnet",
      "name": "private_subnet",
      "provider": "provider[\"registry.terraform.io/ovh/ovh\"].ovh",
      "instances": [
        {
          "index_key": 0,
          "schema_version": 0,
          "attributes": {
            "cidr": "192.168.9.0/24",
            "dhcp": true,
            "end": "192.168.9.200",
            "gateway_ip": "",
            "id": "1bef1d35-a415-4fcf-97ab-81f1ab97b212",
            "ip_pools": [
              {
                "dhcp": true,
                "end": "192.168.9.200",
                "network": "192.168.9.0/24",
                "region": "GRA11",
                "start": "192.168.9.100"
              }
            ],
            "network": "192.168.9.0/24",
            "network_id": "pn-1089024_9",
            "no_gateway": true,
            "region": "GRA11",
            "service_name": "9957f50cea694f13b26cc064d04b2e95",
            "start": "192.168.9.100"
          },
          "sensitive_attributes": [],
          "private": "bnVsbA==",
          "dependencies": [
            "ovh_cloud_project_network_private.private_network"
          ]
        },
        {
          "index_key": 1,
          "schema_version": 0,
          "attributes": {
            "cidr": "192.168.9.0/24",
            "dhcp": true,
            "end": "192.168.9.200",
            "gateway_ip": "",
            "id": "cf6885bc-3f91-4b15-9bf2-098e8dc87fdf",
            "ip_pools": [
              {
                "dhcp": true,
                "end": "192.168.9.200",
                "network": "192.168.9.0/24",
                "region": "SBG5",
                "start": "192.168.9.100"
              }
            ],
            "network": "192.168.9.0/24",
            "network_id": "pn-1089024_9",
            "no_gateway": true,
            "region": "SBG5",
            "service_name": "9957f50cea694f13b26cc064d04b2e95",
            "start": "192.168.9.100"
          },
          "sensitive_attributes": [],
          "private": "bnVsbA==",
          "dependencies": [
            "ovh_cloud_project_network_private.private_network"
          ]
        }
      ]
    }
  ],
  "check_results": []
}
