{
  "version": 4,
  "terraform_version": "1.3.3",
  "serial": 91,
  "lineage": "60afa1f5-8bf0-6c62-9cf9-e15dbf05e08d",
  "outputs": {
    "cluster_uri": {
      "value": "mysql://\u003cusername\u003e:\u003cpassword\u003e@mysql-e17ac174-o5d5bb6d4.database.cloud.ovh.net:20184/defaultdb?ssl-mode=REQUIRED",
      "type": "string"
    },
    "front_ip": {
      "value": [
        "front_eductive09",
        "141.94.173.251",
        "192.168.9.254"
      ],
      "type": [
        "tuple",
        [
          "string",
          "string",
          "string"
        ]
      ]
    },
    "gra_backends_ips": {
      "value": [
        [
          "backend_eductive09_gra_1"
        ],
        [
          "152.228.214.18"
        ],
        [
          "192.168.9.197"
        ]
      ],
      "type": [
        "tuple",
        [
          [
            "tuple",
            [
              "string"
            ]
          ],
          [
            "tuple",
            [
              "string"
            ]
          ],
          [
            "tuple",
            [
              "string"
            ]
          ]
        ]
      ]
    },
    "sbg_backends_ips": {
      "value": [
        [
          "backend_eductive09_sbg_1"
        ],
        [
          "51.68.91.229"
        ],
        [
          "192.168.9.178"
        ]
      ],
      "type": [
        "tuple",
        [
          [
            "tuple",
            [
              "string"
            ]
          ],
          [
            "tuple",
            [
              "string"
            ]
          ],
          [
            "tuple",
            [
              "string"
            ]
          ]
        ]
      ]
    },
    "user_name": {
      "value": "eductive09",
      "type": "string"
    },
    "user_password": {
      "value": "AVNS_KIJI4FKd92oaFm7NT0B",
      "type": "string",
      "sensitive": true
    }
  },
  "resources": [
    {
      "mode": "managed",
      "type": "local_file",
      "name": "inventory",
      "provider": "provider[\"registry.terraform.io/hashicorp/local\"]",
      "instances": [
        {
          "schema_version": 0,
          "attributes": {
            "content": "---\r\nfront:\r\n  hosts:\r\n    141.94.173.251:\r\n      ansible_user: debian\r\n      ansible_become: True\r\n\r\nbackends:\r\n  hosts:\r\n    51.68.91.229:\r\n      ansible_user: debian\r\n      ansible_become: True\r\n    152.228.214.18:\r\n      ansible_user: debian\r\n      ansible_become: True\r\n\r\nbackend_sbg:\r\n  hosts:\r\n    51.68.91.229:\r\n      ansible_user: debian\r\n      ansible_become: True\r\n\r\nbackend_gra:\r\n  hosts:\r\n    152.228.214.18:\r\n      ansible_user: debian\r\n      ansible_become: True\r\n",
            "content_base64": null,
            "directory_permission": "0777",
            "file_permission": "0777",
            "filename": "../ansible/inventory.yml",
            "id": "3606e3eeebf51e5d4a3b81bd91ac770a4fc6f688",
            "sensitive_content": null,
            "source": null
          },
          "sensitive_attributes": [],
          "private": "bnVsbA==",
          "dependencies": [
            "openstack_compute_instance_v2.front_instance",
            "openstack_compute_instance_v2.gra_backends",
            "openstack_compute_instance_v2.sbg_backends",
            "openstack_compute_keypair_v2.generate-keypair",
            "ovh_cloud_project_network_private.private_network",
            "ovh_cloud_project_network_private_subnet.private_subnet"
          ]
        }
      ]
    },
    {
      "mode": "managed",
      "type": "local_file",
      "name": "iptable",
      "provider": "provider[\"registry.terraform.io/hashicorp/local\"]",
      "instances": [
        {
          "schema_version": 0,
          "attributes": {
            "content": "---\n# -- IPTABLE CONFIG\n- name: Configure Iptable\n  hosts: backends\n  tasks:\n  - name: Open port 22\n    command: iptables -A INPUT -p tcp --dport 22 -j ACCEPT\n  - name: Allow HTTP trafic from front server\n    command: iptables -A INPUT -p tcp -s 141.94.173.251 --dport 9080 -j ACCEPT\n  - name: Block all trafic\n    command: iptables -A INPUT -i ens3 -j DROP\n",
            "content_base64": null,
            "directory_permission": "0777",
            "file_permission": "0777",
            "filename": "../ansible/iptable_config.yml",
            "id": "51c26368eaf8579850628c95611372d2cdcb95a7",
            "sensitive_content": null,
            "source": null
          },
          "sensitive_attributes": [],
          "private": "bnVsbA==",
          "dependencies": [
            "openstack_compute_instance_v2.front_instance",
            "openstack_compute_keypair_v2.generate-keypair",
            "ovh_cloud_project_network_private.private_network",
            "ovh_cloud_project_network_private_subnet.private_subnet"
          ]
        }
      ]
    },
    {
      "mode": "managed",
      "type": "local_file",
      "name": "nfs",
      "provider": "provider[\"registry.terraform.io/hashicorp/local\"]",
      "instances": [
        {
          "schema_version": 0,
          "attributes": {
            "content": "---\n# -- NFS INSTALL --\n- name: Install and deploy NFS on front\n  hosts: front\n  tasks:\n    - name: Install required system packages\n      apt:\n        pkg:\n          - nfs-kernel-server\n        state: latest\n        update_cache: true\n    - name: Create the folder\n      file:\n        path: /home/wordpress-data\n        mode: '0777'\n        state: directory\n    - name: Deploy NFS template\n      template:\n        src: /home/eductive09/Linux_Project/ansible/templates/exports.j2\n        dest: /etc/exports\n    - name: Reload nfs-kernel-server\n      ansible.builtin.service:\n        name: nfs-kernel-server\n        state: reloaded\n\n- name: Install and deploy NFS on backends\n  hosts: backends\n  tasks:\n    - name: Install required system packages\n      apt:\n        pkg:\n          - nfs-common\n        state: latest\n        update_cache: true\n    - name: Create the folder\n      file:\n        path: /home/wordpress-data\n        mode: '0777'\n        state: directory\n    - name: Mount NFS folder\n      ansible.posix.mount:\n        src: 192.168.9.254:/home/wordpress-data\n        path: /home/wordpress-data\n        fstype: nfs\n        state: mounted\n",
            "content_base64": null,
            "directory_permission": "0777",
            "file_permission": "0777",
            "filename": "../ansible/nfs_config.yml",
            "id": "9915c7d2c83ba476ff9947a05d6eaa0c35b5be90",
            "sensitive_content": null,
            "source": null
          },
          "sensitive_attributes": [],
          "private": "bnVsbA==",
          "dependencies": [
            "openstack_compute_instance_v2.front_instance",
            "openstack_compute_keypair_v2.generate-keypair",
            "ovh_cloud_project_network_private.private_network",
            "ovh_cloud_project_network_private_subnet.private_subnet"
          ]
        }
      ]
    },
    {
      "mode": "managed",
      "type": "openstack_compute_instance_v2",
      "name": "front_instance",
      "provider": "provider[\"registry.terraform.io/terraform-provider-openstack/openstack\"].ovh",
      "instances": [
        {
          "schema_version": 0,
          "attributes": {
            "access_ip_v4": "141.94.173.251",
            "access_ip_v6": "[2001:41d0:304:300::297c]",
            "admin_pass": null,
            "all_metadata": {},
            "all_tags": [],
            "availability_zone": "nova",
            "availability_zone_hints": null,
            "block_device": [],
            "config_drive": null,
            "flavor_id": "fa05492b-f252-4287-bf26-8bfa62933c6a",
            "flavor_name": "s1-2",
            "floating_ip": null,
            "force_delete": false,
            "id": "7ed35cc8-6170-424a-9995-8644fb9be295",
            "image_id": "a32aaf69-72d8-4b98-9e6a-67929fa1b9cb",
            "image_name": "Debian 11",
            "key_pair": "sshkey_eductive09",
            "metadata": null,
            "name": "front_eductive09",
            "network": [
              {
                "access_network": false,
                "fixed_ip_v4": "141.94.173.251",
                "fixed_ip_v6": "[2001:41d0:304:300::297c]",
                "floating_ip": "",
                "mac": "fa:16:3e:38:9d:1d",
                "name": "Ext-Net",
                "port": "",
                "uuid": "bcf59eb2-9d83-41cc-b4f5-0435ed594833"
              },
              {
                "access_network": false,
                "fixed_ip_v4": "192.168.9.254",
                "fixed_ip_v6": "",
                "floating_ip": "",
                "mac": "fa:16:3e:a0:ad:13",
                "name": "private_network_eductive09",
                "port": "",
                "uuid": "1f0ad439-338c-4a2f-a7a3-69479dfa41d1"
              }
            ],
            "network_mode": null,
            "personality": [],
            "power_state": "active",
            "region": "GRA11",
            "scheduler_hints": [],
            "security_groups": [
              "default"
            ],
            "stop_before_destroy": false,
            "tags": [],
            "timeouts": null,
            "user_data": null,
            "vendor_options": [],
            "volume": []
          },
          "sensitive_attributes": [],
          "private": "eyJlMmJmYjczMC1lY2FhLTExZTYtOGY4OC0zNDM2M2JjN2M0YzAiOnsiY3JlYXRlIjoxODAwMDAwMDAwMDAwLCJkZWxldGUiOjE4MDAwMDAwMDAwMDAsInVwZGF0ZSI6MTgwMDAwMDAwMDAwMH19",
          "dependencies": [
            "openstack_compute_keypair_v2.generate-keypair",
            "ovh_cloud_project_network_private.private_network",
            "ovh_cloud_project_network_private_subnet.private_subnet"
          ]
        }
      ]
    },
    {
      "mode": "managed",
      "type": "openstack_compute_instance_v2",
      "name": "gra_backends",
      "provider": "provider[\"registry.terraform.io/terraform-provider-openstack/openstack\"].ovh",
      "instances": [
        {
          "index_key": 0,
          "schema_version": 0,
          "attributes": {
            "access_ip_v4": "152.228.214.18",
            "access_ip_v6": "[2001:41d0:304:300::2992]",
            "admin_pass": null,
            "all_metadata": {},
            "all_tags": [],
            "availability_zone": "nova",
            "availability_zone_hints": null,
            "block_device": [],
            "config_drive": null,
            "flavor_id": "fa05492b-f252-4287-bf26-8bfa62933c6a",
            "flavor_name": "s1-2",
            "floating_ip": null,
            "force_delete": false,
            "id": "ae7d89ca-7592-446c-9545-53d4d68db4f0",
            "image_id": "a32aaf69-72d8-4b98-9e6a-67929fa1b9cb",
            "image_name": "Debian 11",
            "key_pair": "sshkey_eductive09",
            "metadata": null,
            "name": "backend_eductive09_gra_1",
            "network": [
              {
                "access_network": false,
                "fixed_ip_v4": "152.228.214.18",
                "fixed_ip_v6": "[2001:41d0:304:300::2992]",
                "floating_ip": "",
                "mac": "fa:16:3e:17:c2:e1",
                "name": "Ext-Net",
                "port": "",
                "uuid": "bcf59eb2-9d83-41cc-b4f5-0435ed594833"
              },
              {
                "access_network": false,
                "fixed_ip_v4": "192.168.9.197",
                "fixed_ip_v6": "",
                "floating_ip": "",
                "mac": "fa:16:3e:10:05:6c",
                "name": "private_network_eductive09",
                "port": "",
                "uuid": "1f0ad439-338c-4a2f-a7a3-69479dfa41d1"
              }
            ],
            "network_mode": null,
            "personality": [],
            "power_state": "active",
            "region": "GRA11",
            "scheduler_hints": [],
            "security_groups": [
              "default"
            ],
            "stop_before_destroy": false,
            "tags": [],
            "timeouts": null,
            "user_data": null,
            "vendor_options": [],
            "volume": []
          },
          "sensitive_attributes": [],
          "private": "eyJlMmJmYjczMC1lY2FhLTExZTYtOGY4OC0zNDM2M2JjN2M0YzAiOnsiY3JlYXRlIjoxODAwMDAwMDAwMDAwLCJkZWxldGUiOjE4MDAwMDAwMDAwMDAsInVwZGF0ZSI6MTgwMDAwMDAwMDAwMH19",
          "dependencies": [
            "openstack_compute_keypair_v2.generate-keypair",
            "ovh_cloud_project_network_private.private_network",
            "ovh_cloud_project_network_private_subnet.private_subnet"
          ]
        }
      ]
    },
    {
      "mode": "managed",
      "type": "openstack_compute_instance_v2",
      "name": "sbg_backends",
      "provider": "provider[\"registry.terraform.io/terraform-provider-openstack/openstack\"].ovh",
      "instances": [
        {
          "index_key": 0,
          "schema_version": 0,
          "attributes": {
            "access_ip_v4": "51.68.91.229",
            "access_ip_v6": "[2001:41d0:404:100::2f44]",
            "admin_pass": null,
            "all_metadata": {},
            "all_tags": [],
            "availability_zone": "nova",
            "availability_zone_hints": null,
            "block_device": [],
            "config_drive": null,
            "flavor_id": "ce07016c-95df-4085-bb5a-565caffc2063",
            "flavor_name": "s1-2",
            "floating_ip": null,
            "force_delete": false,
            "id": "fef5a372-99b3-4a4c-9e85-7a9a858eeeeb",
            "image_id": "b6b0399c-b631-48ea-9b62-629579cf91f0",
            "image_name": "Debian 11",
            "key_pair": "sshkey_eductive09",
            "metadata": null,
            "name": "backend_eductive09_sbg_1",
            "network": [
              {
                "access_network": false,
                "fixed_ip_v4": "51.68.91.229",
                "fixed_ip_v6": "[2001:41d0:404:100::2f44]",
                "floating_ip": "",
                "mac": "fa:16:3e:1c:4b:e7",
                "name": "Ext-Net",
                "port": "",
                "uuid": "581fad02-158d-4dc6-81f0-c1ec2794bbec"
              },
              {
                "access_network": false,
                "fixed_ip_v4": "192.168.9.178",
                "fixed_ip_v6": "",
                "floating_ip": "",
                "mac": "fa:16:3e:99:d9:d3",
                "name": "private_network_eductive09",
                "port": "",
                "uuid": "2db410fb-a1ac-4af6-a665-9896c437123c"
              }
            ],
            "network_mode": null,
            "personality": [],
            "power_state": "active",
            "region": "SBG5",
            "scheduler_hints": [],
            "security_groups": [
              "default"
            ],
            "stop_before_destroy": false,
            "tags": [],
            "timeouts": null,
            "user_data": null,
            "vendor_options": [],
            "volume": []
          },
          "sensitive_attributes": [],
          "private": "eyJlMmJmYjczMC1lY2FhLTExZTYtOGY4OC0zNDM2M2JjN2M0YzAiOnsiY3JlYXRlIjoxODAwMDAwMDAwMDAwLCJkZWxldGUiOjE4MDAwMDAwMDAwMDAsInVwZGF0ZSI6MTgwMDAwMDAwMDAwMH19",
          "dependencies": [
            "openstack_compute_keypair_v2.generate-keypair",
            "ovh_cloud_project_network_private.private_network",
            "ovh_cloud_project_network_private_subnet.private_subnet"
          ]
        }
      ]
    },
    {
      "mode": "managed",
      "type": "openstack_compute_keypair_v2",
      "name": "generate-keypair",
      "provider": "provider[\"registry.terraform.io/terraform-provider-openstack/openstack\"].ovh",
      "instances": [
        {
          "index_key": 0,
          "schema_version": 0,
          "attributes": {
            "fingerprint": "3d:48:7d:ac:13:a6:ef:d8:72:bd:bd:04:24:b5:5a:a9",
            "id": "sshkey_eductive09",
            "name": "sshkey_eductive09",
            "private_key": "",
            "public_key": "ssh-rsa AAAAB3NzaC1yc2EAAAADAQABAAACAQC85+qmi8wslSHO/UI97uY+QC0r73OueXk17MOyj02g11rQpd9XcORpo035+JlccPW/2g6q0Zmz4iUV8GAqv1veYh+3P0Knzi3M9hF6Gtsalq24d+9J33mHjgwXgP/6E98i1hm6SvLjqP+FNCggByzwQeri5oyV2JGie1cZBiR/Gz6QgG7p6Iit2fB+LV8v1/YzIQIsygzQYjsiRqsauqnIZ2NgbHneK4+fOuoWDet33YrzS2mgfNU7/vJfycBWc/fdFcEbCTlgZuT03rptPaeUYmWuIrvqAWNcZnMkvh4gcptDMRg3gf6EOLQ8gb/Td4jC5egeBxyiPSJ/1cMwyVdfeKY3e4enC33nEaKGl0YlZindH3v6InJmKmEvJhZh1Do5waIwxNeTxUuc1YZFhwlCEV/nQEyWOn7eOrzj5zAVbMZTjNRR0K1JDWj+/ZMU9qpcH/eC4vLSSg9BeGw8wIgIbHSg7fL9nLhKk+0OdoFVs9+DlED2VQ0rBJJkoejZrXVr4M5YqI3Wm5PvqLakf6nu3vaIkpZjm52XbWwT8OlQg6UzFlE8+6cw9jTRq3ySsyDhORBXbFavC/11Asbi5hQvkcpojEnn5JiFnJyM3/0it21O7KWJnPDEKPfVtnjaDa+sGGQKadNXqnhZF81nSeui22wP2xloN/xXTgXoXYLR6w== eductive09@master.thisistheway.ovh\n",
            "region": "GRA11",
            "value_specs": null
          },
          "sensitive_attributes": [],
          "private": "bnVsbA=="
        },
        {
          "index_key": 1,
          "schema_version": 0,
          "attributes": {
            "fingerprint": "3d:48:7d:ac:13:a6:ef:d8:72:bd:bd:04:24:b5:5a:a9",
            "id": "sshkey_eductive09",
            "name": "sshkey_eductive09",
            "private_key": "",
            "public_key": "ssh-rsa AAAAB3NzaC1yc2EAAAADAQABAAACAQC85+qmi8wslSHO/UI97uY+QC0r73OueXk17MOyj02g11rQpd9XcORpo035+JlccPW/2g6q0Zmz4iUV8GAqv1veYh+3P0Knzi3M9hF6Gtsalq24d+9J33mHjgwXgP/6E98i1hm6SvLjqP+FNCggByzwQeri5oyV2JGie1cZBiR/Gz6QgG7p6Iit2fB+LV8v1/YzIQIsygzQYjsiRqsauqnIZ2NgbHneK4+fOuoWDet33YrzS2mgfNU7/vJfycBWc/fdFcEbCTlgZuT03rptPaeUYmWuIrvqAWNcZnMkvh4gcptDMRg3gf6EOLQ8gb/Td4jC5egeBxyiPSJ/1cMwyVdfeKY3e4enC33nEaKGl0YlZindH3v6InJmKmEvJhZh1Do5waIwxNeTxUuc1YZFhwlCEV/nQEyWOn7eOrzj5zAVbMZTjNRR0K1JDWj+/ZMU9qpcH/eC4vLSSg9BeGw8wIgIbHSg7fL9nLhKk+0OdoFVs9+DlED2VQ0rBJJkoejZrXVr4M5YqI3Wm5PvqLakf6nu3vaIkpZjm52XbWwT8OlQg6UzFlE8+6cw9jTRq3ySsyDhORBXbFavC/11Asbi5hQvkcpojEnn5JiFnJyM3/0it21O7KWJnPDEKPfVtnjaDa+sGGQKadNXqnhZF81nSeui22wP2xloN/xXTgXoXYLR6w== eductive09@master.thisistheway.ovh\n",
            "region": "SBG5",
            "value_specs": null
          },
          "sensitive_attributes": [],
          "private": "bnVsbA=="
        }
      ]
    },
    {
      "mode": "managed",
      "type": "ovh_cloud_project_database",
      "name": "db_eductive09",
      "provider": "provider[\"registry.terraform.io/ovh/ovh\"]",
      "instances": [
        {
          "schema_version": 0,
          "attributes": {
            "backup_time": "13:10:00",
            "created_at": "2022-12-29T17:28:01.29422+01:00",
            "description": "",
            "disk_size": 80,
            "disk_type": "high-speed",
            "endpoints": [
              {
                "component": "mysql",
                "domain": "mysql-e17ac174-o5d5bb6d4.database.cloud.ovh.net",
                "path": "",
                "port": 20184,
                "scheme": "mysql",
                "ssl": true,
                "ssl_mode": "REQUIRED",
                "uri": "mysql://\u003cusername\u003e:\u003cpassword\u003e@mysql-e17ac174-o5d5bb6d4.database.cloud.ovh.net:20184/defaultdb?ssl-mode=REQUIRED"
              }
            ],
            "engine": "mysql",
            "flavor": "db1-4",
            "id": "e17ac174-0ab0-415f-af19-68c09dd695a2",
            "kafka_rest_api": false,
            "maintenance_time": "21:07:00",
            "network_type": "public",
            "nodes": [
              {
                "network_id": "",
                "region": "GRA",
                "subnet_id": ""
              }
            ],
            "opensearch_acls_enabled": false,
            "plan": "essential",
            "service_name": "9957f50cea694f13b26cc064d04b2e95",
            "status": "READY",
            "timeouts": null,
            "version": "8"
          },
          "sensitive_attributes": [],
          "private": "eyJlMmJmYjczMC1lY2FhLTExZTYtOGY4OC0zNDM2M2JjN2M0YzAiOnsiY3JlYXRlIjoxMjAwMDAwMDAwMDAwLCJkZWxldGUiOjEyMDAwMDAwMDAwMDAsInVwZGF0ZSI6MjQwMDAwMDAwMDAwMH19"
        }
      ]
    },
    {
      "mode": "managed",
      "type": "ovh_cloud_project_database_database",
      "name": "database",
      "provider": "provider[\"registry.terraform.io/ovh/ovh\"]",
      "instances": [
        {
          "schema_version": 0,
          "attributes": {
            "cluster_id": "e17ac174-0ab0-415f-af19-68c09dd695a2",
            "default": false,
            "engine": "mysql",
            "id": "303111b0-cbcf-486e-bcd5-6009dad71849",
            "name": "linux_project_database",
            "service_name": "9957f50cea694f13b26cc064d04b2e95",
            "timeouts": null
          },
          "sensitive_attributes": [],
          "private": "eyJlMmJmYjczMC1lY2FhLTExZTYtOGY4OC0zNDM2M2JjN2M0YzAiOnsiY3JlYXRlIjoxMjAwMDAwMDAwMDAwLCJkZWxldGUiOjEyMDAwMDAwMDAwMDB9fQ==",
          "dependencies": [
            "ovh_cloud_project_database.db_eductive09"
          ]
        }
      ]
    },
    {
      "mode": "managed",
      "type": "ovh_cloud_project_database_ip_restriction",
      "name": "iprestriction_gra",
      "provider": "provider[\"registry.terraform.io/ovh/ovh\"]",
      "instances": [
        {
          "index_key": 0,
          "schema_version": 0,
          "attributes": {
            "cluster_id": "e17ac174-0ab0-415f-af19-68c09dd695a2",
            "description": "",
            "engine": "mysql",
            "id": "759296650",
            "ip": "152.228.214.18/32",
            "service_name": "9957f50cea694f13b26cc064d04b2e95",
            "status": "READY",
            "timeouts": null
          },
          "sensitive_attributes": [],
          "private": "eyJlMmJmYjczMC1lY2FhLTExZTYtOGY4OC0zNDM2M2JjN2M0YzAiOnsiY3JlYXRlIjoxMjAwMDAwMDAwMDAwLCJkZWxldGUiOjEyMDAwMDAwMDAwMDAsInVwZGF0ZSI6MTIwMDAwMDAwMDAwMH19",
          "dependencies": [
            "openstack_compute_instance_v2.gra_backends",
            "openstack_compute_keypair_v2.generate-keypair",
            "ovh_cloud_project_database.db_eductive09",
            "ovh_cloud_project_network_private.private_network",
            "ovh_cloud_project_network_private_subnet.private_subnet"
          ]
        }
      ]
    },
    {
      "mode": "managed",
      "type": "ovh_cloud_project_database_ip_restriction",
      "name": "iprestriction_sbg",
      "provider": "provider[\"registry.terraform.io/ovh/ovh\"]",
      "instances": [
        {
          "index_key": 0,
          "schema_version": 0,
          "attributes": {
            "cluster_id": "e17ac174-0ab0-415f-af19-68c09dd695a2",
            "description": "",
            "engine": "mysql",
            "id": "2566290320",
            "ip": "51.68.91.229/32",
            "service_name": "9957f50cea694f13b26cc064d04b2e95",
            "status": "READY",
            "timeouts": null
          },
          "sensitive_attributes": [],
          "private": "eyJlMmJmYjczMC1lY2FhLTExZTYtOGY4OC0zNDM2M2JjN2M0YzAiOnsiY3JlYXRlIjoxMjAwMDAwMDAwMDAwLCJkZWxldGUiOjEyMDAwMDAwMDAwMDAsInVwZGF0ZSI6MTIwMDAwMDAwMDAwMH19",
          "dependencies": [
            "openstack_compute_instance_v2.sbg_backends",
            "openstack_compute_keypair_v2.generate-keypair",
            "ovh_cloud_project_database.db_eductive09",
            "ovh_cloud_project_network_private.private_network",
            "ovh_cloud_project_network_private_subnet.private_subnet"
          ]
        }
      ]
    },
    {
      "mode": "managed",
      "type": "ovh_cloud_project_database_user",
      "name": "eductive09",
      "provider": "provider[\"registry.terraform.io/ovh/ovh\"]",
      "instances": [
        {
          "schema_version": 0,
          "attributes": {
            "cluster_id": "e17ac174-0ab0-415f-af19-68c09dd695a2",
            "created_at": "2022-12-29T17:34:03.266791+01:00",
            "engine": "mysql",
            "id": "daf0b0b1-3010-454a-be3d-b6929863cdb4",
            "name": "eductive09",
            "password": "AVNS_KIJI4FKd92oaFm7NT0B",
            "password_reset": null,
            "service_name": "9957f50cea694f13b26cc064d04b2e95",
            "status": "READY",
            "timeouts": null
          },
          "sensitive_attributes": [],
          "private": "eyJlMmJmYjczMC1lY2FhLTExZTYtOGY4OC0zNDM2M2JjN2M0YzAiOnsiY3JlYXRlIjoxMjAwMDAwMDAwMDAwLCJkZWxldGUiOjEyMDAwMDAwMDAwMDAsInVwZGF0ZSI6MTIwMDAwMDAwMDAwMH19",
          "dependencies": [
            "ovh_cloud_project_database.db_eductive09"
          ]
        }
      ]
    },
    {
      "mode": "managed",
      "type": "ovh_cloud_project_network_private",
      "name": "private_network",
      "provider": "provider[\"registry.terraform.io/ovh/ovh\"].ovh",
      "instances": [
        {
          "schema_version": 0,
          "attributes": {
            "id": "pn-1089024_9",
            "name": "private_network_eductive09",
            "regions": [
              "GRA11",
              "SBG5"
            ],
            "regions_attributes": [
              {
                "openstackid": "1f0ad439-338c-4a2f-a7a3-69479dfa41d1",
                "region": "GRA11",
                "status": "ACTIVE"
              },
              {
                "openstackid": "2db410fb-a1ac-4af6-a665-9896c437123c",
                "region": "SBG5",
                "status": "ACTIVE"
              }
            ],
            "regions_status": [
              {
                "region": "SBG5",
                "status": "ACTIVE"
              }
            ],
            "service_name": "9957f50cea694f13b26cc064d04b2e95",
            "status": "ACTIVE",
            "type": "private",
            "vlan_id": 9
          },
          "sensitive_attributes": [],
          "private": "bnVsbA=="
        }
      ]
    },
    {
      "mode": "managed",
      "type": "ovh_cloud_project_network_private_subnet",
      "name": "private_subnet",
      "provider": "provider[\"registry.terraform.io/ovh/ovh\"].ovh",
      "instances": [
        {
          "index_key": 0,
          "schema_version": 0,
          "attributes": {
            "cidr": "192.168.9.0/24",
            "dhcp": true,
            "end": "192.168.9.200",
            "gateway_ip": "",
            "id": "ebe100dd-483f-43a7-8c91-8ba4e8f53bee",
            "ip_pools": [
              {
                "dhcp": true,
                "end": "192.168.9.200",
                "network": "192.168.9.0/24",
                "region": "GRA11",
                "start": "192.168.9.100"
              }
            ],
            "network": "192.168.9.0/24",
            "network_id": "pn-1089024_9",
            "no_gateway": true,
            "region": "GRA11",
            "service_name": "9957f50cea694f13b26cc064d04b2e95",
            "start": "192.168.9.100"
          },
          "sensitive_attributes": [],
          "private": "bnVsbA==",
          "dependencies": [
            "ovh_cloud_project_network_private.private_network"
          ]
        },
        {
          "index_key": 1,
          "schema_version": 0,
          "attributes": {
            "cidr": "192.168.9.0/24",
            "dhcp": true,
            "end": "192.168.9.200",
            "gateway_ip": "",
            "id": "48389046-1fd0-45b2-9658-00fb8fa82504",
            "ip_pools": [
              {
                "dhcp": true,
                "end": "192.168.9.200",
                "network": "192.168.9.0/24",
                "region": "SBG5",
                "start": "192.168.9.100"
              }
            ],
            "network": "192.168.9.0/24",
            "network_id": "pn-1089024_9",
            "no_gateway": true,
            "region": "SBG5",
            "service_name": "9957f50cea694f13b26cc064d04b2e95",
            "start": "192.168.9.100"
          },
          "sensitive_attributes": [],
          "private": "bnVsbA==",
          "dependencies": [
            "ovh_cloud_project_network_private.private_network"
          ]
        }
      ]
    }
  ],
  "check_results": []
}
